
Microsoft Visual Studio Solution File, Format Version 12.00
# Visual Studio 15
VisualStudioVersion = 15.0.27130.2026
MinimumVisualStudioVersion = 10.0.40219.1
Project("{FAE04EC0-301F-11D3-BF4B-00C04F79EFBC}") = "textfarbe_mit_event", "textfarbe_mit_event.csproj", "{BF31ED20-2898-41C8-BEC4-6CD8FCDA5AD4}"
EndProject
Project("{FAE04EC0-301F-11D3-BF4B-00C04F79EFBC}") = "Events", "..\uebungsdateien_c_sharp_grundkurs\06-03-Events\Events\Events.csproj", "{464DAE7E-83B7-4E61-BEF0-CA4FB814A7E4}"
EndProject
Project("{FAE04EC0-301F-11D3-BF4B-00C04F79EFBC}") = "event_aufgabe_2", "..\event_aufgabe_2\event_aufgabe_2.csproj", "{F8ECAF9A-063C-4DEE-B172-4A3476D79807}"
EndProject
Project("{FAE04EC0-301F-11D3-BF4B-00C04F79EFBC}") = "textfarbe_mit_method", "..\textfarbe_mit_method\textfarbe_mit_method.csproj", "{FF97DEAC-84DC-43E5-95F8-6286A37C90CE}"
EndProject
Project("{FAE04EC0-301F-11D3-BF4B-00C04F79EFBC}") = "delegate_aufgabe_02", "..\delegate_aufgabe_02\delegate_aufgabe_02.csproj", "{9546F082-13B0-44BA-9784-859E2B16014B}"
EndProject
Global
	GlobalSection(SolutionConfigurationPlatforms) = preSolution
		Debug|Any CPU = Debug|Any CPU
		Release|Any CPU = Release|Any CPU
	EndGlobalSection
	GlobalSection(ProjectConfigurationPlatforms) = postSolution
		{BF31ED20-2898-41C8-BEC4-6CD8FCDA5AD4}.Debug|Any CPU.ActiveCfg = Debug|Any CPU
		{BF31ED20-2898-41C8-BEC4-6CD8FCDA5AD4}.Debug|Any CPU.Build.0 = Debug|Any CPU
		{BF31ED20-2898-41C8-BEC4-6CD8FCDA5AD4}.Release|Any CPU.ActiveCfg = Release|Any CPU
		{BF31ED20-2898-41C8-BEC4-6CD8FCDA5AD4}.Release|Any CPU.Build.0 = Release|Any CPU
		{464DAE7E-83B7-4E61-BEF0-CA4FB814A7E4}.Debug|Any CPU.ActiveCfg = Debug|Any CPU
		{464DAE7E-83B7-4E61-BEF0-CA4FB814A7E4}.Debug|Any CPU.Build.0 = Debug|Any CPU
		{464DAE7E-83B7-4E61-BEF0-CA4FB814A7E4}.Release|Any CPU.ActiveCfg = Release|Any CPU
		{464DAE7E-83B7-4E61-BEF0-CA4FB814A7E4}.Release|Any CPU.Build.0 = Release|Any CPU
		{F8ECAF9A-063C-4DEE-B172-4A3476D79807}.Debug|Any CPU.ActiveCfg = Debug|Any CPU
		{F8ECAF9A-063C-4DEE-B172-4A3476D79807}.Debug|Any CPU.Build.0 = Debug|Any CPU
		{F8ECAF9A-063C-4DEE-B172-4A3476D79807}.Release|Any CPU.ActiveCfg = Release|Any CPU
		{F8ECAF9A-063C-4DEE-B172-4A3476D79807}.Release|Any CPU.Build.0 = Release|Any CPU
		{FF97DEAC-84DC-43E5-95F8-6286A37C90CE}.Debug|Any CPU.ActiveCfg = Debug|Any CPU
		{FF97DEAC-84DC-43E5-95F8-6286A37C90CE}.Debug|Any CPU.Build.0 = Debug|Any CPU
		{FF97DEAC-84DC-43E5-95F8-6286A37C90CE}.Release|Any CPU.ActiveCfg = Release|Any CPU
		{FF97DEAC-84DC-43E5-95F8-6286A37C90CE}.Release|Any CPU.Build.0 = Release|Any CPU
		{9546F082-13B0-44BA-9784-859E2B16014B}.Debug|Any CPU.ActiveCfg = Debug|Any CPU
		{9546F082-13B0-44BA-9784-859E2B16014B}.Debug|Any CPU.Build.0 = Debug|Any CPU
		{9546F082-13B0-44BA-9784-859E2B16014B}.Release|Any CPU.ActiveCfg = Release|Any CPU
		{9546F082-13B0-44BA-9784-859E2B16014B}.Release|Any CPU.Build.0 = Release|Any CPU
	EndGlobalSection
	GlobalSection(SolutionProperties) = preSolution
		HideSolutionNode = FALSE
	EndGlobalSection
	GlobalSection(ExtensibilityGlobals) = postSolution
		SolutionGuid = {475F052A-0D27-4DCB-8430-40E1C789191E}
	EndGlobalSection
EndGlobal
