
Microsoft Visual Studio Solution File, Format Version 12.00
# Visual Studio 15
VisualStudioVersion = 15.0.27130.2026
MinimumVisualStudioVersion = 10.0.40219.1
Project("{FAE04EC0-301F-11D3-BF4B-00C04F79EFBC}") = "try-catch_aufgabe_2", "try-catch_aufgabe_2.csproj", "{CC9D0B4E-C4FF-4DBE-B7AB-3E81B5B4F211}"
EndProject
Project("{FAE04EC0-301F-11D3-BF4B-00C04F79EFBC}") = "ConsoleApp1", "..\try-catch_aufgabe_1\ConsoleApp1\ConsoleApp1.csproj", "{7E937CB7-D985-4AD9-81B0-57E03C53E92D}"
EndProject
Project("{FAE04EC0-301F-11D3-BF4B-00C04F79EFBC}") = "virtual-override_aufgabe_1", "..\virtual-override_aufgabe_1\virtual-override_aufgabe_1.csproj", "{1EEBAAD6-20B8-489D-B9FE-DA9E70DF6BE7}"
EndProject
Global
	GlobalSection(SolutionConfigurationPlatforms) = preSolution
		Debug|Any CPU = Debug|Any CPU
		Release|Any CPU = Release|Any CPU
	EndGlobalSection
	GlobalSection(ProjectConfigurationPlatforms) = postSolution
		{CC9D0B4E-C4FF-4DBE-B7AB-3E81B5B4F211}.Debug|Any CPU.ActiveCfg = Debug|Any CPU
		{CC9D0B4E-C4FF-4DBE-B7AB-3E81B5B4F211}.Debug|Any CPU.Build.0 = Debug|Any CPU
		{CC9D0B4E-C4FF-4DBE-B7AB-3E81B5B4F211}.Release|Any CPU.ActiveCfg = Release|Any CPU
		{CC9D0B4E-C4FF-4DBE-B7AB-3E81B5B4F211}.Release|Any CPU.Build.0 = Release|Any CPU
		{7E937CB7-D985-4AD9-81B0-57E03C53E92D}.Debug|Any CPU.ActiveCfg = Debug|Any CPU
		{7E937CB7-D985-4AD9-81B0-57E03C53E92D}.Debug|Any CPU.Build.0 = Debug|Any CPU
		{7E937CB7-D985-4AD9-81B0-57E03C53E92D}.Release|Any CPU.ActiveCfg = Release|Any CPU
		{7E937CB7-D985-4AD9-81B0-57E03C53E92D}.Release|Any CPU.Build.0 = Release|Any CPU
		{1EEBAAD6-20B8-489D-B9FE-DA9E70DF6BE7}.Debug|Any CPU.ActiveCfg = Debug|Any CPU
		{1EEBAAD6-20B8-489D-B9FE-DA9E70DF6BE7}.Debug|Any CPU.Build.0 = Debug|Any CPU
		{1EEBAAD6-20B8-489D-B9FE-DA9E70DF6BE7}.Release|Any CPU.ActiveCfg = Release|Any CPU
		{1EEBAAD6-20B8-489D-B9FE-DA9E70DF6BE7}.Release|Any CPU.Build.0 = Release|Any CPU
	EndGlobalSection
	GlobalSection(SolutionProperties) = preSolution
		HideSolutionNode = FALSE
	EndGlobalSection
	GlobalSection(ExtensibilityGlobals) = postSolution
		SolutionGuid = {4B4B1984-16C8-4387-B739-265DD9BCA02C}
	EndGlobalSection
EndGlobal
