
Microsoft Visual Studio Solution File, Format Version 12.00
# Visual Studio Version 16
VisualStudioVersion = 16.0.29418.71
MinimumVisualStudioVersion = 10.0.40219.1
Project("{FAE04EC0-301F-11D3-BF4B-00C04F79EFBC}") = "jaggedArray", "jaggedArray.csproj", "{60928822-E1C1-421D-BD80-CE3BA561A8D2}"
EndProject
Project("{FAE04EC0-301F-11D3-BF4B-00C04F79EFBC}") = "G_33_JaggedArray", "..\G_33_JaggedArray\G_33_JaggedArray\G_33_JaggedArray\G_33_JaggedArray.csproj", "{341E51CE-8324-4D56-AF9A-D78F2869DF14}"
EndProject
Project("{FAE04EC0-301F-11D3-BF4B-00C04F79EFBC}") = "lotto", "..\lotto\lotto.csproj", "{BEC5A4C8-1E0C-4BA7-ACB8-E91CC5095689}"
EndProject
Project("{FAE04EC0-301F-11D3-BF4B-00C04F79EFBC}") = "lotto_2", "..\lotto_2\lotto_2.csproj", "{F2500D18-C0F3-437F-9059-650F82579EB5}"
EndProject
Project("{FAE04EC0-301F-11D3-BF4B-00C04F79EFBC}") = "arrays_2", "..\arrays_2\arrays_2.csproj", "{A2B00EC1-1BD2-442E-87C1-2722C4BC97AB}"
EndProject
Project("{FAE04EC0-301F-11D3-BF4B-00C04F79EFBC}") = "array_aufgabe_2", "..\array_aufgabe_2\array_aufgabe_2.csproj", "{4E4BCD58-8F02-446D-A79F-2F8F4B416ED4}"
EndProject
Global
	GlobalSection(SolutionConfigurationPlatforms) = preSolution
		Debug|Any CPU = Debug|Any CPU
		Release|Any CPU = Release|Any CPU
	EndGlobalSection
	GlobalSection(ProjectConfigurationPlatforms) = postSolution
		{60928822-E1C1-421D-BD80-CE3BA561A8D2}.Debug|Any CPU.ActiveCfg = Debug|Any CPU
		{60928822-E1C1-421D-BD80-CE3BA561A8D2}.Debug|Any CPU.Build.0 = Debug|Any CPU
		{60928822-E1C1-421D-BD80-CE3BA561A8D2}.Release|Any CPU.ActiveCfg = Release|Any CPU
		{60928822-E1C1-421D-BD80-CE3BA561A8D2}.Release|Any CPU.Build.0 = Release|Any CPU
		{341E51CE-8324-4D56-AF9A-D78F2869DF14}.Debug|Any CPU.ActiveCfg = Debug|Any CPU
		{341E51CE-8324-4D56-AF9A-D78F2869DF14}.Debug|Any CPU.Build.0 = Debug|Any CPU
		{341E51CE-8324-4D56-AF9A-D78F2869DF14}.Release|Any CPU.ActiveCfg = Release|Any CPU
		{341E51CE-8324-4D56-AF9A-D78F2869DF14}.Release|Any CPU.Build.0 = Release|Any CPU
		{BEC5A4C8-1E0C-4BA7-ACB8-E91CC5095689}.Debug|Any CPU.ActiveCfg = Debug|Any CPU
		{BEC5A4C8-1E0C-4BA7-ACB8-E91CC5095689}.Debug|Any CPU.Build.0 = Debug|Any CPU
		{BEC5A4C8-1E0C-4BA7-ACB8-E91CC5095689}.Release|Any CPU.ActiveCfg = Release|Any CPU
		{BEC5A4C8-1E0C-4BA7-ACB8-E91CC5095689}.Release|Any CPU.Build.0 = Release|Any CPU
		{F2500D18-C0F3-437F-9059-650F82579EB5}.Debug|Any CPU.ActiveCfg = Debug|Any CPU
		{F2500D18-C0F3-437F-9059-650F82579EB5}.Debug|Any CPU.Build.0 = Debug|Any CPU
		{F2500D18-C0F3-437F-9059-650F82579EB5}.Release|Any CPU.ActiveCfg = Release|Any CPU
		{F2500D18-C0F3-437F-9059-650F82579EB5}.Release|Any CPU.Build.0 = Release|Any CPU
		{A2B00EC1-1BD2-442E-87C1-2722C4BC97AB}.Debug|Any CPU.ActiveCfg = Debug|Any CPU
		{A2B00EC1-1BD2-442E-87C1-2722C4BC97AB}.Debug|Any CPU.Build.0 = Debug|Any CPU
		{A2B00EC1-1BD2-442E-87C1-2722C4BC97AB}.Release|Any CPU.ActiveCfg = Release|Any CPU
		{A2B00EC1-1BD2-442E-87C1-2722C4BC97AB}.Release|Any CPU.Build.0 = Release|Any CPU
		{4E4BCD58-8F02-446D-A79F-2F8F4B416ED4}.Debug|Any CPU.ActiveCfg = Debug|Any CPU
		{4E4BCD58-8F02-446D-A79F-2F8F4B416ED4}.Debug|Any CPU.Build.0 = Debug|Any CPU
		{4E4BCD58-8F02-446D-A79F-2F8F4B416ED4}.Release|Any CPU.ActiveCfg = Release|Any CPU
		{4E4BCD58-8F02-446D-A79F-2F8F4B416ED4}.Release|Any CPU.Build.0 = Release|Any CPU
	EndGlobalSection
	GlobalSection(SolutionProperties) = preSolution
		HideSolutionNode = FALSE
	EndGlobalSection
	GlobalSection(ExtensibilityGlobals) = postSolution
		SolutionGuid = {A3802CB3-E8D9-4A74-8DF7-0018F8D0B91B}
	EndGlobalSection
EndGlobal
