
Microsoft Visual Studio Solution File, Format Version 12.00
# Visual Studio 15
VisualStudioVersion = 15.0.27130.2026
MinimumVisualStudioVersion = 10.0.40219.1
Project("{FAE04EC0-301F-11D3-BF4B-00C04F79EFBC}") = "listen_aufgabe_3", "listen_aufgabe_3.csproj", "{80F41998-6552-4E5B-93CB-4D7DF9034086}"
EndProject
Project("{FAE04EC0-301F-11D3-BF4B-00C04F79EFBC}") = "listen_aufgabe_1", "..\listen_aufgabe_1\listen_aufgabe_1.csproj", "{F37A2001-8314-4A8B-8CCB-CF48D92B46A2}"
EndProject
Project("{FAE04EC0-301F-11D3-BF4B-00C04F79EFBC}") = "listen_aufgabe_2", "..\listen_aufgabe_2\listen_aufgabe_2.csproj", "{2B4F8B06-0603-4B08-82B5-CCD94626AEA9}"
EndProject
Project("{FAE04EC0-301F-11D3-BF4B-00C04F79EFBC}") = "listen", "..\listen\listen.csproj", "{9FE4CA8C-2DA9-4A56-96DD-4CB5845D1A71}"
EndProject
Project("{FAE04EC0-301F-11D3-BF4B-00C04F79EFBC}") = "lotto", "..\lotto\lotto.csproj", "{BEC5A4C8-1E0C-4BA7-ACB8-E91CC5095689}"
EndProject
Project("{FAE04EC0-301F-11D3-BF4B-00C04F79EFBC}") = "cipher", "..\cipher\cipher.csproj", "{C2CEA30B-3819-4B13-B9F8-7CF4A73A00C6}"
EndProject
Project("{FAE04EC0-301F-11D3-BF4B-00C04F79EFBC}") = "array_aufgabe_2", "..\array_aufgabe_2\array_aufgabe_2.csproj", "{4E4BCD58-8F02-446D-A79F-2F8F4B416ED4}"
EndProject
Global
	GlobalSection(SolutionConfigurationPlatforms) = preSolution
		Debug|Any CPU = Debug|Any CPU
		Release|Any CPU = Release|Any CPU
	EndGlobalSection
	GlobalSection(ProjectConfigurationPlatforms) = postSolution
		{80F41998-6552-4E5B-93CB-4D7DF9034086}.Debug|Any CPU.ActiveCfg = Debug|Any CPU
		{80F41998-6552-4E5B-93CB-4D7DF9034086}.Debug|Any CPU.Build.0 = Debug|Any CPU
		{80F41998-6552-4E5B-93CB-4D7DF9034086}.Release|Any CPU.ActiveCfg = Release|Any CPU
		{80F41998-6552-4E5B-93CB-4D7DF9034086}.Release|Any CPU.Build.0 = Release|Any CPU
		{F37A2001-8314-4A8B-8CCB-CF48D92B46A2}.Debug|Any CPU.ActiveCfg = Debug|Any CPU
		{F37A2001-8314-4A8B-8CCB-CF48D92B46A2}.Debug|Any CPU.Build.0 = Debug|Any CPU
		{F37A2001-8314-4A8B-8CCB-CF48D92B46A2}.Release|Any CPU.ActiveCfg = Release|Any CPU
		{F37A2001-8314-4A8B-8CCB-CF48D92B46A2}.Release|Any CPU.Build.0 = Release|Any CPU
		{2B4F8B06-0603-4B08-82B5-CCD94626AEA9}.Debug|Any CPU.ActiveCfg = Debug|Any CPU
		{2B4F8B06-0603-4B08-82B5-CCD94626AEA9}.Debug|Any CPU.Build.0 = Debug|Any CPU
		{2B4F8B06-0603-4B08-82B5-CCD94626AEA9}.Release|Any CPU.ActiveCfg = Release|Any CPU
		{2B4F8B06-0603-4B08-82B5-CCD94626AEA9}.Release|Any CPU.Build.0 = Release|Any CPU
		{9FE4CA8C-2DA9-4A56-96DD-4CB5845D1A71}.Debug|Any CPU.ActiveCfg = Debug|Any CPU
		{9FE4CA8C-2DA9-4A56-96DD-4CB5845D1A71}.Debug|Any CPU.Build.0 = Debug|Any CPU
		{9FE4CA8C-2DA9-4A56-96DD-4CB5845D1A71}.Release|Any CPU.ActiveCfg = Release|Any CPU
		{9FE4CA8C-2DA9-4A56-96DD-4CB5845D1A71}.Release|Any CPU.Build.0 = Release|Any CPU
		{BEC5A4C8-1E0C-4BA7-ACB8-E91CC5095689}.Debug|Any CPU.ActiveCfg = Debug|Any CPU
		{BEC5A4C8-1E0C-4BA7-ACB8-E91CC5095689}.Debug|Any CPU.Build.0 = Debug|Any CPU
		{BEC5A4C8-1E0C-4BA7-ACB8-E91CC5095689}.Release|Any CPU.ActiveCfg = Release|Any CPU
		{BEC5A4C8-1E0C-4BA7-ACB8-E91CC5095689}.Release|Any CPU.Build.0 = Release|Any CPU
		{C2CEA30B-3819-4B13-B9F8-7CF4A73A00C6}.Debug|Any CPU.ActiveCfg = Debug|Any CPU
		{C2CEA30B-3819-4B13-B9F8-7CF4A73A00C6}.Debug|Any CPU.Build.0 = Debug|Any CPU
		{C2CEA30B-3819-4B13-B9F8-7CF4A73A00C6}.Release|Any CPU.ActiveCfg = Release|Any CPU
		{C2CEA30B-3819-4B13-B9F8-7CF4A73A00C6}.Release|Any CPU.Build.0 = Release|Any CPU
		{4E4BCD58-8F02-446D-A79F-2F8F4B416ED4}.Debug|Any CPU.ActiveCfg = Debug|Any CPU
		{4E4BCD58-8F02-446D-A79F-2F8F4B416ED4}.Debug|Any CPU.Build.0 = Debug|Any CPU
		{4E4BCD58-8F02-446D-A79F-2F8F4B416ED4}.Release|Any CPU.ActiveCfg = Release|Any CPU
		{4E4BCD58-8F02-446D-A79F-2F8F4B416ED4}.Release|Any CPU.Build.0 = Release|Any CPU
	EndGlobalSection
	GlobalSection(SolutionProperties) = preSolution
		HideSolutionNode = FALSE
	EndGlobalSection
	GlobalSection(ExtensibilityGlobals) = postSolution
		SolutionGuid = {50F022E4-EF9F-4259-9AAE-C36C91195490}
	EndGlobalSection
EndGlobal
