
Microsoft Visual Studio Solution File, Format Version 12.00
# Visual Studio Version 16
VisualStudioVersion = 16.0.29418.71
MinimumVisualStudioVersion = 10.0.40219.1
Project("{FAE04EC0-301F-11D3-BF4B-00C04F79EFBC}") = "tictactoe", "tictactoe.csproj", "{6F21FEE0-0927-49FA-A9E2-61DC37EE0D41}"
EndProject
Global
	GlobalSection(SolutionConfigurationPlatforms) = preSolution
		Debug|Any CPU = Debug|Any CPU
		Release|Any CPU = Release|Any CPU
	EndGlobalSection
	GlobalSection(ProjectConfigurationPlatforms) = postSolution
		{6F21FEE0-0927-49FA-A9E2-61DC37EE0D41}.Debug|Any CPU.ActiveCfg = Debug|Any CPU
		{6F21FEE0-0927-49FA-A9E2-61DC37EE0D41}.Debug|Any CPU.Build.0 = Debug|Any CPU
		{6F21FEE0-0927-49FA-A9E2-61DC37EE0D41}.Release|Any CPU.ActiveCfg = Release|Any CPU
		{6F21FEE0-0927-49FA-A9E2-61DC37EE0D41}.Release|Any CPU.Build.0 = Release|Any CPU
	EndGlobalSection
	GlobalSection(SolutionProperties) = preSolution
		HideSolutionNode = FALSE
	EndGlobalSection
	GlobalSection(ExtensibilityGlobals) = postSolution
		SolutionGuid = {027ED71A-DDBF-42FA-8EDA-733EFE1A79D7}
	EndGlobalSection
EndGlobal
