
Microsoft Visual Studio Solution File, Format Version 12.00
# Visual Studio 2012
Project("{FAE04EC0-301F-11D3-BF4B-00C04F79EFBC}") = "Interfaces", "Interfaces\Interfaces.csproj", "{F31C6FE6-CDC3-4262-9896-A2A66F09628A}"
EndProject
Global
	GlobalSection(SolutionConfigurationPlatforms) = preSolution
		Debug|Any CPU = Debug|Any CPU
		Release|Any CPU = Release|Any CPU
	EndGlobalSection
	GlobalSection(ProjectConfigurationPlatforms) = postSolution
		{F31C6FE6-CDC3-4262-9896-A2A66F09628A}.Debug|Any CPU.ActiveCfg = Debug|Any CPU
		{F31C6FE6-CDC3-4262-9896-A2A66F09628A}.Debug|Any CPU.Build.0 = Debug|Any CPU
		{F31C6FE6-CDC3-4262-9896-A2A66F09628A}.Release|Any CPU.ActiveCfg = Release|Any CPU
		{F31C6FE6-CDC3-4262-9896-A2A66F09628A}.Release|Any CPU.Build.0 = Release|Any CPU
	EndGlobalSection
	GlobalSection(SolutionProperties) = preSolution
		HideSolutionNode = FALSE
	EndGlobalSection
EndGlobal
