
Microsoft Visual Studio Solution File, Format Version 12.00
# Visual Studio 15
VisualStudioVersion = 15.0.27130.2026
MinimumVisualStudioVersion = 10.0.40219.1
Project("{FAE04EC0-301F-11D3-BF4B-00C04F79EFBC}") = "event_aufgabe_2", "event_aufgabe_2.csproj", "{F8ECAF9A-063C-4DEE-B172-4A3476D79807}"
EndProject
Global
	GlobalSection(SolutionConfigurationPlatforms) = preSolution
		Debug|Any CPU = Debug|Any CPU
		Release|Any CPU = Release|Any CPU
	EndGlobalSection
	GlobalSection(ProjectConfigurationPlatforms) = postSolution
		{F8ECAF9A-063C-4DEE-B172-4A3476D79807}.Debug|Any CPU.ActiveCfg = Debug|Any CPU
		{F8ECAF9A-063C-4DEE-B172-4A3476D79807}.Debug|Any CPU.Build.0 = Debug|Any CPU
		{F8ECAF9A-063C-4DEE-B172-4A3476D79807}.Release|Any CPU.ActiveCfg = Release|Any CPU
		{F8ECAF9A-063C-4DEE-B172-4A3476D79807}.Release|Any CPU.Build.0 = Release|Any CPU
	EndGlobalSection
	GlobalSection(SolutionProperties) = preSolution
		HideSolutionNode = FALSE
	EndGlobalSection
	GlobalSection(ExtensibilityGlobals) = postSolution
		SolutionGuid = {9A67944E-36FF-4CF4-8045-F7AFCEA6A319}
	EndGlobalSection
EndGlobal
