
Microsoft Visual Studio Solution File, Format Version 12.00
# Visual Studio 15
VisualStudioVersion = 15.0.27130.2026
MinimumVisualStudioVersion = 10.0.40219.1
Project("{FAE04EC0-301F-11D3-BF4B-00C04F79EFBC}") = "listen_aufgabe_2", "listen_aufgabe_2.csproj", "{2B4F8B06-0603-4B08-82B5-CCD94626AEA9}"
EndProject
Global
	GlobalSection(SolutionConfigurationPlatforms) = preSolution
		Debug|Any CPU = Debug|Any CPU
		Release|Any CPU = Release|Any CPU
	EndGlobalSection
	GlobalSection(ProjectConfigurationPlatforms) = postSolution
		{2B4F8B06-0603-4B08-82B5-CCD94626AEA9}.Debug|Any CPU.ActiveCfg = Debug|Any CPU
		{2B4F8B06-0603-4B08-82B5-CCD94626AEA9}.Debug|Any CPU.Build.0 = Debug|Any CPU
		{2B4F8B06-0603-4B08-82B5-CCD94626AEA9}.Release|Any CPU.ActiveCfg = Release|Any CPU
		{2B4F8B06-0603-4B08-82B5-CCD94626AEA9}.Release|Any CPU.Build.0 = Release|Any CPU
	EndGlobalSection
	GlobalSection(SolutionProperties) = preSolution
		HideSolutionNode = FALSE
	EndGlobalSection
	GlobalSection(ExtensibilityGlobals) = postSolution
		SolutionGuid = {53C651E1-B4D8-4C90-A516-20A9B6860AE1}
	EndGlobalSection
EndGlobal
