
Microsoft Visual Studio Solution File, Format Version 12.00
# Visual Studio 15
VisualStudioVersion = 15.0.27130.2026
MinimumVisualStudioVersion = 10.0.40219.1
Project("{FAE04EC0-301F-11D3-BF4B-00C04F79EFBC}") = "mysql_1", "mysql_1.csproj", "{C013FC14-EE90-4212-8A1F-6D77FA6A3F6E}"
EndProject
Project("{FAE04EC0-301F-11D3-BF4B-00C04F79EFBC}") = "mysql_2", "..\mysql_2\mysql_2.csproj", "{444997E1-C37E-4523-B1CA-AC41CD27504C}"
EndProject
Project("{FAE04EC0-301F-11D3-BF4B-00C04F79EFBC}") = "mysql_3", "..\mysql_3\mysql_3.csproj", "{B0D51659-6FC8-4D2D-81F5-C94774A9486E}"
EndProject
Project("{FAE04EC0-301F-11D3-BF4B-00C04F79EFBC}") = "textfarbe_mit_method", "..\textfarbe_mit_method\textfarbe_mit_method.csproj", "{FF97DEAC-84DC-43E5-95F8-6286A37C90CE}"
EndProject
Project("{FAE04EC0-301F-11D3-BF4B-00C04F79EFBC}") = "terminalgui", "..\terminalgui\terminalgui.csproj", "{7621E795-C0BA-434E-94D6-7516C2D30251}"
EndProject
Project("{FAE04EC0-301F-11D3-BF4B-00C04F79EFBC}") = "WpfApp1", "..\WpfApp1\WpfApp1.csproj", "{230E3CAF-E267-4E66-86FF-3F011B720C6C}"
EndProject
Project("{FAE04EC0-301F-11D3-BF4B-00C04F79EFBC}") = "WpfApp2", "..\WpfApp2\WpfApp2.csproj", "{9C9CEB46-95CD-43AB-B0AD-438BA7F019AE}"
EndProject
Project("{FAE04EC0-301F-11D3-BF4B-00C04F79EFBC}") = "WpfApp3", "WpfApp3\WpfApp3.csproj", "{55AA61E6-982D-4368-A12D-BEC02BE0175E}"
EndProject
Project("{FAE04EC0-301F-11D3-BF4B-00C04F79EFBC}") = "DataGridBind", "..\..\..\..\Downloads\DataGridBind\DataGridBind\DataGridBind.csproj", "{2AEA4EB9-996D-44A3-AD8E-EF4C4B7CB1D5}"
EndProject
Global
	GlobalSection(SolutionConfigurationPlatforms) = preSolution
		Debug|Any CPU = Debug|Any CPU
		Release|Any CPU = Release|Any CPU
	EndGlobalSection
	GlobalSection(ProjectConfigurationPlatforms) = postSolution
		{C013FC14-EE90-4212-8A1F-6D77FA6A3F6E}.Debug|Any CPU.ActiveCfg = Debug|Any CPU
		{C013FC14-EE90-4212-8A1F-6D77FA6A3F6E}.Debug|Any CPU.Build.0 = Debug|Any CPU
		{C013FC14-EE90-4212-8A1F-6D77FA6A3F6E}.Release|Any CPU.ActiveCfg = Release|Any CPU
		{C013FC14-EE90-4212-8A1F-6D77FA6A3F6E}.Release|Any CPU.Build.0 = Release|Any CPU
		{444997E1-C37E-4523-B1CA-AC41CD27504C}.Debug|Any CPU.ActiveCfg = Debug|Any CPU
		{444997E1-C37E-4523-B1CA-AC41CD27504C}.Debug|Any CPU.Build.0 = Debug|Any CPU
		{444997E1-C37E-4523-B1CA-AC41CD27504C}.Release|Any CPU.ActiveCfg = Release|Any CPU
		{444997E1-C37E-4523-B1CA-AC41CD27504C}.Release|Any CPU.Build.0 = Release|Any CPU
		{B0D51659-6FC8-4D2D-81F5-C94774A9486E}.Debug|Any CPU.ActiveCfg = Debug|Any CPU
		{B0D51659-6FC8-4D2D-81F5-C94774A9486E}.Debug|Any CPU.Build.0 = Debug|Any CPU
		{B0D51659-6FC8-4D2D-81F5-C94774A9486E}.Release|Any CPU.ActiveCfg = Release|Any CPU
		{B0D51659-6FC8-4D2D-81F5-C94774A9486E}.Release|Any CPU.Build.0 = Release|Any CPU
		{FF97DEAC-84DC-43E5-95F8-6286A37C90CE}.Debug|Any CPU.ActiveCfg = Debug|Any CPU
		{FF97DEAC-84DC-43E5-95F8-6286A37C90CE}.Debug|Any CPU.Build.0 = Debug|Any CPU
		{FF97DEAC-84DC-43E5-95F8-6286A37C90CE}.Release|Any CPU.ActiveCfg = Release|Any CPU
		{FF97DEAC-84DC-43E5-95F8-6286A37C90CE}.Release|Any CPU.Build.0 = Release|Any CPU
		{7621E795-C0BA-434E-94D6-7516C2D30251}.Debug|Any CPU.ActiveCfg = Debug|Any CPU
		{7621E795-C0BA-434E-94D6-7516C2D30251}.Debug|Any CPU.Build.0 = Debug|Any CPU
		{7621E795-C0BA-434E-94D6-7516C2D30251}.Release|Any CPU.ActiveCfg = Release|Any CPU
		{7621E795-C0BA-434E-94D6-7516C2D30251}.Release|Any CPU.Build.0 = Release|Any CPU
		{230E3CAF-E267-4E66-86FF-3F011B720C6C}.Debug|Any CPU.ActiveCfg = Debug|Any CPU
		{230E3CAF-E267-4E66-86FF-3F011B720C6C}.Debug|Any CPU.Build.0 = Debug|Any CPU
		{230E3CAF-E267-4E66-86FF-3F011B720C6C}.Release|Any CPU.ActiveCfg = Release|Any CPU
		{230E3CAF-E267-4E66-86FF-3F011B720C6C}.Release|Any CPU.Build.0 = Release|Any CPU
		{9C9CEB46-95CD-43AB-B0AD-438BA7F019AE}.Debug|Any CPU.ActiveCfg = Debug|Any CPU
		{9C9CEB46-95CD-43AB-B0AD-438BA7F019AE}.Debug|Any CPU.Build.0 = Debug|Any CPU
		{9C9CEB46-95CD-43AB-B0AD-438BA7F019AE}.Release|Any CPU.ActiveCfg = Release|Any CPU
		{9C9CEB46-95CD-43AB-B0AD-438BA7F019AE}.Release|Any CPU.Build.0 = Release|Any CPU
		{55AA61E6-982D-4368-A12D-BEC02BE0175E}.Debug|Any CPU.ActiveCfg = Debug|Any CPU
		{55AA61E6-982D-4368-A12D-BEC02BE0175E}.Debug|Any CPU.Build.0 = Debug|Any CPU
		{55AA61E6-982D-4368-A12D-BEC02BE0175E}.Release|Any CPU.ActiveCfg = Release|Any CPU
		{55AA61E6-982D-4368-A12D-BEC02BE0175E}.Release|Any CPU.Build.0 = Release|Any CPU
		{2AEA4EB9-996D-44A3-AD8E-EF4C4B7CB1D5}.Debug|Any CPU.ActiveCfg = Debug|Any CPU
		{2AEA4EB9-996D-44A3-AD8E-EF4C4B7CB1D5}.Debug|Any CPU.Build.0 = Debug|Any CPU
		{2AEA4EB9-996D-44A3-AD8E-EF4C4B7CB1D5}.Release|Any CPU.ActiveCfg = Release|Any CPU
		{2AEA4EB9-996D-44A3-AD8E-EF4C4B7CB1D5}.Release|Any CPU.Build.0 = Release|Any CPU
	EndGlobalSection
	GlobalSection(SolutionProperties) = preSolution
		HideSolutionNode = FALSE
	EndGlobalSection
	GlobalSection(ExtensibilityGlobals) = postSolution
		SolutionGuid = {BD71E90F-5440-4F57-AC7E-A8CDE1DCC519}
	EndGlobalSection
EndGlobal
