
Microsoft Visual Studio Solution File, Format Version 12.00
# Visual Studio 15
VisualStudioVersion = 15.0.27130.2026
MinimumVisualStudioVersion = 10.0.40219.1
Project("{FAE04EC0-301F-11D3-BF4B-00C04F79EFBC}") = "callbyreference_aufgabe_1", "callbyreference_aufgabe_1.csproj", "{7DC00A68-6A5C-471F-A269-6FAC3B322CCF}"
EndProject
Project("{FAE04EC0-301F-11D3-BF4B-00C04F79EFBC}") = "callbyreference_2", "..\callbyreference_2\callbyreference_2.csproj", "{5669E411-27B4-4A62-B143-0FAFD8E82885}"
EndProject
Project("{FAE04EC0-301F-11D3-BF4B-00C04F79EFBC}") = "callbyreference", "..\callbyreference\callbyreference.csproj", "{8D9F498A-BB4C-464D-AB05-CE857A6959DF}"
EndProject
Global
	GlobalSection(SolutionConfigurationPlatforms) = preSolution
		Debug|Any CPU = Debug|Any CPU
		Release|Any CPU = Release|Any CPU
	EndGlobalSection
	GlobalSection(ProjectConfigurationPlatforms) = postSolution
		{7DC00A68-6A5C-471F-A269-6FAC3B322CCF}.Debug|Any CPU.ActiveCfg = Debug|Any CPU
		{7DC00A68-6A5C-471F-A269-6FAC3B322CCF}.Debug|Any CPU.Build.0 = Debug|Any CPU
		{7DC00A68-6A5C-471F-A269-6FAC3B322CCF}.Release|Any CPU.ActiveCfg = Release|Any CPU
		{7DC00A68-6A5C-471F-A269-6FAC3B322CCF}.Release|Any CPU.Build.0 = Release|Any CPU
		{5669E411-27B4-4A62-B143-0FAFD8E82885}.Debug|Any CPU.ActiveCfg = Debug|Any CPU
		{5669E411-27B4-4A62-B143-0FAFD8E82885}.Debug|Any CPU.Build.0 = Debug|Any CPU
		{5669E411-27B4-4A62-B143-0FAFD8E82885}.Release|Any CPU.ActiveCfg = Release|Any CPU
		{5669E411-27B4-4A62-B143-0FAFD8E82885}.Release|Any CPU.Build.0 = Release|Any CPU
		{8D9F498A-BB4C-464D-AB05-CE857A6959DF}.Debug|Any CPU.ActiveCfg = Debug|Any CPU
		{8D9F498A-BB4C-464D-AB05-CE857A6959DF}.Debug|Any CPU.Build.0 = Debug|Any CPU
		{8D9F498A-BB4C-464D-AB05-CE857A6959DF}.Release|Any CPU.ActiveCfg = Release|Any CPU
		{8D9F498A-BB4C-464D-AB05-CE857A6959DF}.Release|Any CPU.Build.0 = Release|Any CPU
	EndGlobalSection
	GlobalSection(SolutionProperties) = preSolution
		HideSolutionNode = FALSE
	EndGlobalSection
	GlobalSection(ExtensibilityGlobals) = postSolution
		SolutionGuid = {DB9953D1-B774-4718-B9EA-9E100C65B29E}
	EndGlobalSection
EndGlobal
