
Microsoft Visual Studio Solution File, Format Version 12.00
# Visual Studio Version 16
VisualStudioVersion = 16.0.29613.14
MinimumVisualStudioVersion = 10.0.40219.1
Project("{FAE04EC0-301F-11D3-BF4B-00C04F79EFBC}") = "XML01", "XML01\XML01.csproj", "{3B4CF80D-86F2-44A5-BEB5-37F05A2AA8AF}"
EndProject
Project("{FAE04EC0-301F-11D3-BF4B-00C04F79EFBC}") = "WpfVokabeln", "..\wpfvok\WpfVokabeln\WpfVokabeln\WpfVokabeln.csproj", "{F6E0BDCE-31A1-412B-9D9B-E129FA1B30B0}"
EndProject
Project("{FAE04EC0-301F-11D3-BF4B-00C04F79EFBC}") = "XML02", "..\XML02\XML02.csproj", "{FDBE0CDF-8A9E-40B8-90E5-0098B207C4A2}"
EndProject
Project("{FAE04EC0-301F-11D3-BF4B-00C04F79EFBC}") = "XML03", "..\XML03\XML03.csproj", "{F927258A-F04F-4608-BA1E-69AC25295D26}"
EndProject
Global
	GlobalSection(SolutionConfigurationPlatforms) = preSolution
		Debug|Any CPU = Debug|Any CPU
		Release|Any CPU = Release|Any CPU
	EndGlobalSection
	GlobalSection(ProjectConfigurationPlatforms) = postSolution
		{3B4CF80D-86F2-44A5-BEB5-37F05A2AA8AF}.Debug|Any CPU.ActiveCfg = Debug|Any CPU
		{3B4CF80D-86F2-44A5-BEB5-37F05A2AA8AF}.Debug|Any CPU.Build.0 = Debug|Any CPU
		{3B4CF80D-86F2-44A5-BEB5-37F05A2AA8AF}.Release|Any CPU.ActiveCfg = Release|Any CPU
		{3B4CF80D-86F2-44A5-BEB5-37F05A2AA8AF}.Release|Any CPU.Build.0 = Release|Any CPU
		{F6E0BDCE-31A1-412B-9D9B-E129FA1B30B0}.Debug|Any CPU.ActiveCfg = Debug|Any CPU
		{F6E0BDCE-31A1-412B-9D9B-E129FA1B30B0}.Debug|Any CPU.Build.0 = Debug|Any CPU
		{F6E0BDCE-31A1-412B-9D9B-E129FA1B30B0}.Release|Any CPU.ActiveCfg = Release|Any CPU
		{F6E0BDCE-31A1-412B-9D9B-E129FA1B30B0}.Release|Any CPU.Build.0 = Release|Any CPU
		{FDBE0CDF-8A9E-40B8-90E5-0098B207C4A2}.Debug|Any CPU.ActiveCfg = Debug|Any CPU
		{FDBE0CDF-8A9E-40B8-90E5-0098B207C4A2}.Debug|Any CPU.Build.0 = Debug|Any CPU
		{FDBE0CDF-8A9E-40B8-90E5-0098B207C4A2}.Release|Any CPU.ActiveCfg = Release|Any CPU
		{FDBE0CDF-8A9E-40B8-90E5-0098B207C4A2}.Release|Any CPU.Build.0 = Release|Any CPU
		{F927258A-F04F-4608-BA1E-69AC25295D26}.Debug|Any CPU.ActiveCfg = Debug|Any CPU
		{F927258A-F04F-4608-BA1E-69AC25295D26}.Debug|Any CPU.Build.0 = Debug|Any CPU
		{F927258A-F04F-4608-BA1E-69AC25295D26}.Release|Any CPU.ActiveCfg = Release|Any CPU
		{F927258A-F04F-4608-BA1E-69AC25295D26}.Release|Any CPU.Build.0 = Release|Any CPU
	EndGlobalSection
	GlobalSection(SolutionProperties) = preSolution
		HideSolutionNode = FALSE
	EndGlobalSection
	GlobalSection(ExtensibilityGlobals) = postSolution
		SolutionGuid = {49726EA2-C9E4-4815-92E0-D0F5214C1CE9}
	EndGlobalSection
EndGlobal
