
Microsoft Visual Studio Solution File, Format Version 12.00
# Visual Studio Version 16
VisualStudioVersion = 16.0.29418.71
MinimumVisualStudioVersion = 10.0.40219.1
Project("{FAE04EC0-301F-11D3-BF4B-00C04F79EFBC}") = "G_62_Aufg1", "G_62_Aufg1\G_62_Aufg1.csproj", "{F32A20B9-FA3D-4496-AF9B-FA6D1A6AB5B5}"
EndProject
Project("{FAE04EC0-301F-11D3-BF4B-00C04F79EFBC}") = "snake", "snake\snake.csproj", "{D945F6F6-388B-4600-B8C1-7E1493121CFD}"
EndProject
Global
	GlobalSection(SolutionConfigurationPlatforms) = preSolution
		Debug|Any CPU = Debug|Any CPU
		Release|Any CPU = Release|Any CPU
	EndGlobalSection
	GlobalSection(ProjectConfigurationPlatforms) = postSolution
		{F32A20B9-FA3D-4496-AF9B-FA6D1A6AB5B5}.Debug|Any CPU.ActiveCfg = Debug|Any CPU
		{F32A20B9-FA3D-4496-AF9B-FA6D1A6AB5B5}.Debug|Any CPU.Build.0 = Debug|Any CPU
		{F32A20B9-FA3D-4496-AF9B-FA6D1A6AB5B5}.Release|Any CPU.ActiveCfg = Release|Any CPU
		{F32A20B9-FA3D-4496-AF9B-FA6D1A6AB5B5}.Release|Any CPU.Build.0 = Release|Any CPU
		{D945F6F6-388B-4600-B8C1-7E1493121CFD}.Debug|Any CPU.ActiveCfg = Debug|Any CPU
		{D945F6F6-388B-4600-B8C1-7E1493121CFD}.Debug|Any CPU.Build.0 = Debug|Any CPU
		{D945F6F6-388B-4600-B8C1-7E1493121CFD}.Release|Any CPU.ActiveCfg = Release|Any CPU
		{D945F6F6-388B-4600-B8C1-7E1493121CFD}.Release|Any CPU.Build.0 = Release|Any CPU
	EndGlobalSection
	GlobalSection(SolutionProperties) = preSolution
		HideSolutionNode = FALSE
	EndGlobalSection
	GlobalSection(ExtensibilityGlobals) = postSolution
		SolutionGuid = {66B95A7F-78BF-4E04-B9C8-754A0EAC29EF}
	EndGlobalSection
EndGlobal
