
Microsoft Visual Studio Solution File, Format Version 12.00
# Visual Studio Version 16
VisualStudioVersion = 16.0.29418.71
MinimumVisualStudioVersion = 10.0.40219.1
Project("{FAE04EC0-301F-11D3-BF4B-00C04F79EFBC}") = "event_aufgabe_04", "event_aufgabe_04.csproj", "{6330DAAD-E2A5-49CD-A347-89A537BDAEA6}"
EndProject
Project("{FAE04EC0-301F-11D3-BF4B-00C04F79EFBC}") = "delegate_aufgabe_01", "..\delegate_aufgabe_01\delegate_aufgabe_01.csproj", "{6E6E7368-6B7C-4D30-88E4-0E0CB0B4D9FD}"
EndProject
Project("{FAE04EC0-301F-11D3-BF4B-00C04F79EFBC}") = "delegate_aufgabe_02", "..\delegate_aufgabe_02\delegate_aufgabe_02.csproj", "{9546F082-13B0-44BA-9784-859E2B16014B}"
EndProject
Global
	GlobalSection(SolutionConfigurationPlatforms) = preSolution
		Debug|Any CPU = Debug|Any CPU
		Release|Any CPU = Release|Any CPU
	EndGlobalSection
	GlobalSection(ProjectConfigurationPlatforms) = postSolution
		{6330DAAD-E2A5-49CD-A347-89A537BDAEA6}.Debug|Any CPU.ActiveCfg = Debug|Any CPU
		{6330DAAD-E2A5-49CD-A347-89A537BDAEA6}.Debug|Any CPU.Build.0 = Debug|Any CPU
		{6330DAAD-E2A5-49CD-A347-89A537BDAEA6}.Release|Any CPU.ActiveCfg = Release|Any CPU
		{6330DAAD-E2A5-49CD-A347-89A537BDAEA6}.Release|Any CPU.Build.0 = Release|Any CPU
		{6E6E7368-6B7C-4D30-88E4-0E0CB0B4D9FD}.Debug|Any CPU.ActiveCfg = Debug|Any CPU
		{6E6E7368-6B7C-4D30-88E4-0E0CB0B4D9FD}.Debug|Any CPU.Build.0 = Debug|Any CPU
		{6E6E7368-6B7C-4D30-88E4-0E0CB0B4D9FD}.Release|Any CPU.ActiveCfg = Release|Any CPU
		{6E6E7368-6B7C-4D30-88E4-0E0CB0B4D9FD}.Release|Any CPU.Build.0 = Release|Any CPU
		{9546F082-13B0-44BA-9784-859E2B16014B}.Debug|Any CPU.ActiveCfg = Debug|Any CPU
		{9546F082-13B0-44BA-9784-859E2B16014B}.Debug|Any CPU.Build.0 = Debug|Any CPU
		{9546F082-13B0-44BA-9784-859E2B16014B}.Release|Any CPU.ActiveCfg = Release|Any CPU
		{9546F082-13B0-44BA-9784-859E2B16014B}.Release|Any CPU.Build.0 = Release|Any CPU
	EndGlobalSection
	GlobalSection(SolutionProperties) = preSolution
		HideSolutionNode = FALSE
	EndGlobalSection
	GlobalSection(ExtensibilityGlobals) = postSolution
		SolutionGuid = {A436EBB3-BE78-401B-B380-88CC1E8F7978}
	EndGlobalSection
EndGlobal
