
Microsoft Visual Studio Solution File, Format Version 12.00
# Visual Studio Version 16
VisualStudioVersion = 16.0.29613.14
MinimumVisualStudioVersion = 10.0.40219.1
Project("{FAE04EC0-301F-11D3-BF4B-00C04F79EFBC}") = "binaere_serialisierung", "binaere_serialisierung\binaere_serialisierung.csproj", "{EDC5A9C0-C0FD-439E-8A31-22A2466727F1}"
EndProject
Global
	GlobalSection(SolutionConfigurationPlatforms) = preSolution
		Debug|Any CPU = Debug|Any CPU
		Release|Any CPU = Release|Any CPU
	EndGlobalSection
	GlobalSection(ProjectConfigurationPlatforms) = postSolution
		{EDC5A9C0-C0FD-439E-8A31-22A2466727F1}.Debug|Any CPU.ActiveCfg = Debug|Any CPU
		{EDC5A9C0-C0FD-439E-8A31-22A2466727F1}.Debug|Any CPU.Build.0 = Debug|Any CPU
		{EDC5A9C0-C0FD-439E-8A31-22A2466727F1}.Release|Any CPU.ActiveCfg = Release|Any CPU
		{EDC5A9C0-C0FD-439E-8A31-22A2466727F1}.Release|Any CPU.Build.0 = Release|Any CPU
	EndGlobalSection
	GlobalSection(SolutionProperties) = preSolution
		HideSolutionNode = FALSE
	EndGlobalSection
	GlobalSection(ExtensibilityGlobals) = postSolution
		SolutionGuid = {DC3043E3-86ED-4C41-B86B-B7B52640DE33}
	EndGlobalSection
EndGlobal
