
Microsoft Visual Studio Solution File, Format Version 12.00
# Visual Studio Version 16
VisualStudioVersion = 16.0.29613.14
MinimumVisualStudioVersion = 10.0.40219.1
Project("{FAE04EC0-301F-11D3-BF4B-00C04F79EFBC}") = "WpfFlow02", "WpfFlow02\WpfFlow02.csproj", "{F1E6E751-1E1E-44BF-A9DC-00C346F1CC87}"
EndProject
Project("{FAE04EC0-301F-11D3-BF4B-00C04F79EFBC}") = "ColorMixerApp", "..\ColorMixerSolution\ColorMixerApp\ColorMixerApp.csproj", "{C463A021-3DC8-4B66-8142-9DAEB37F3B52}"
EndProject
Project("{FAE04EC0-301F-11D3-BF4B-00C04F79EFBC}") = "TestApplication", "..\ColorMixerSolution\TestApplication\TestApplication.csproj", "{DF038A6C-FD4C-434E-B5C1-7B518A2ED03A}"
EndProject
Project("{FAE04EC0-301F-11D3-BF4B-00C04F79EFBC}") = "WpfApp_Editor", "..\WpfApp_Editor\WpfApp_Editor.csproj", "{BDBB54DF-FAF9-497A-B3BC-BAF0D0B48D67}"
EndProject
Global
	GlobalSection(SolutionConfigurationPlatforms) = preSolution
		Debug|Any CPU = Debug|Any CPU
		Release|Any CPU = Release|Any CPU
	EndGlobalSection
	GlobalSection(ProjectConfigurationPlatforms) = postSolution
		{F1E6E751-1E1E-44BF-A9DC-00C346F1CC87}.Debug|Any CPU.ActiveCfg = Debug|Any CPU
		{F1E6E751-1E1E-44BF-A9DC-00C346F1CC87}.Debug|Any CPU.Build.0 = Debug|Any CPU
		{F1E6E751-1E1E-44BF-A9DC-00C346F1CC87}.Release|Any CPU.ActiveCfg = Release|Any CPU
		{F1E6E751-1E1E-44BF-A9DC-00C346F1CC87}.Release|Any CPU.Build.0 = Release|Any CPU
		{C463A021-3DC8-4B66-8142-9DAEB37F3B52}.Debug|Any CPU.ActiveCfg = Debug|Any CPU
		{C463A021-3DC8-4B66-8142-9DAEB37F3B52}.Debug|Any CPU.Build.0 = Debug|Any CPU
		{C463A021-3DC8-4B66-8142-9DAEB37F3B52}.Release|Any CPU.ActiveCfg = Release|Any CPU
		{C463A021-3DC8-4B66-8142-9DAEB37F3B52}.Release|Any CPU.Build.0 = Release|Any CPU
		{DF038A6C-FD4C-434E-B5C1-7B518A2ED03A}.Debug|Any CPU.ActiveCfg = Debug|Any CPU
		{DF038A6C-FD4C-434E-B5C1-7B518A2ED03A}.Debug|Any CPU.Build.0 = Debug|Any CPU
		{DF038A6C-FD4C-434E-B5C1-7B518A2ED03A}.Release|Any CPU.ActiveCfg = Release|Any CPU
		{DF038A6C-FD4C-434E-B5C1-7B518A2ED03A}.Release|Any CPU.Build.0 = Release|Any CPU
		{BDBB54DF-FAF9-497A-B3BC-BAF0D0B48D67}.Debug|Any CPU.ActiveCfg = Debug|Any CPU
		{BDBB54DF-FAF9-497A-B3BC-BAF0D0B48D67}.Debug|Any CPU.Build.0 = Debug|Any CPU
		{BDBB54DF-FAF9-497A-B3BC-BAF0D0B48D67}.Release|Any CPU.ActiveCfg = Release|Any CPU
		{BDBB54DF-FAF9-497A-B3BC-BAF0D0B48D67}.Release|Any CPU.Build.0 = Release|Any CPU
	EndGlobalSection
	GlobalSection(SolutionProperties) = preSolution
		HideSolutionNode = FALSE
	EndGlobalSection
	GlobalSection(ExtensibilityGlobals) = postSolution
		SolutionGuid = {1F97547B-CCCB-46C5-ADC1-2043EE6B909F}
	EndGlobalSection
EndGlobal
