
Microsoft Visual Studio Solution File, Format Version 12.00
# Visual Studio 15
VisualStudioVersion = 15.0.27130.2026
MinimumVisualStudioVersion = 10.0.40219.1
Project("{FAE04EC0-301F-11D3-BF4B-00C04F79EFBC}") = "listen_aufgabe_1", "listen_aufgabe_1.csproj", "{F37A2001-8314-4A8B-8CCB-CF48D92B46A2}"
EndProject
Global
	GlobalSection(SolutionConfigurationPlatforms) = preSolution
		Debug|Any CPU = Debug|Any CPU
		Release|Any CPU = Release|Any CPU
	EndGlobalSection
	GlobalSection(ProjectConfigurationPlatforms) = postSolution
		{F37A2001-8314-4A8B-8CCB-CF48D92B46A2}.Debug|Any CPU.ActiveCfg = Debug|Any CPU
		{F37A2001-8314-4A8B-8CCB-CF48D92B46A2}.Debug|Any CPU.Build.0 = Debug|Any CPU
		{F37A2001-8314-4A8B-8CCB-CF48D92B46A2}.Release|Any CPU.ActiveCfg = Release|Any CPU
		{F37A2001-8314-4A8B-8CCB-CF48D92B46A2}.Release|Any CPU.Build.0 = Release|Any CPU
	EndGlobalSection
	GlobalSection(SolutionProperties) = preSolution
		HideSolutionNode = FALSE
	EndGlobalSection
	GlobalSection(ExtensibilityGlobals) = postSolution
		SolutionGuid = {D9721D4F-9B51-4E46-B831-7D3E411B15D4}
	EndGlobalSection
EndGlobal
