
Microsoft Visual Studio Solution File, Format Version 12.00
# Visual Studio Version 16
VisualStudioVersion = 16.0.29418.71
MinimumVisualStudioVersion = 10.0.40219.1
Project("{FAE04EC0-301F-11D3-BF4B-00C04F79EFBC}") = "Wpf_kcal_calc", "Wpf_kcal_calc.csproj", "{0DE3123A-0F63-414C-BC4A-B330EE2705AD}"
EndProject
Project("{FAE04EC0-301F-11D3-BF4B-00C04F79EFBC}") = "generic02", "..\generic02\generic02.csproj", "{181973FF-355F-4CBF-987E-85ACB31CEE82}"
EndProject
Global
	GlobalSection(SolutionConfigurationPlatforms) = preSolution
		Debug|Any CPU = Debug|Any CPU
		Release|Any CPU = Release|Any CPU
	EndGlobalSection
	GlobalSection(ProjectConfigurationPlatforms) = postSolution
		{0DE3123A-0F63-414C-BC4A-B330EE2705AD}.Debug|Any CPU.ActiveCfg = Debug|Any CPU
		{0DE3123A-0F63-414C-BC4A-B330EE2705AD}.Debug|Any CPU.Build.0 = Debug|Any CPU
		{0DE3123A-0F63-414C-BC4A-B330EE2705AD}.Release|Any CPU.ActiveCfg = Release|Any CPU
		{0DE3123A-0F63-414C-BC4A-B330EE2705AD}.Release|Any CPU.Build.0 = Release|Any CPU
		{181973FF-355F-4CBF-987E-85ACB31CEE82}.Debug|Any CPU.ActiveCfg = Debug|Any CPU
		{181973FF-355F-4CBF-987E-85ACB31CEE82}.Debug|Any CPU.Build.0 = Debug|Any CPU
		{181973FF-355F-4CBF-987E-85ACB31CEE82}.Release|Any CPU.ActiveCfg = Release|Any CPU
		{181973FF-355F-4CBF-987E-85ACB31CEE82}.Release|Any CPU.Build.0 = Release|Any CPU
	EndGlobalSection
	GlobalSection(SolutionProperties) = preSolution
		HideSolutionNode = FALSE
	EndGlobalSection
	GlobalSection(ExtensibilityGlobals) = postSolution
		SolutionGuid = {9E65EE25-4CF3-4513-A55D-4D14451B0C5D}
	EndGlobalSection
EndGlobal
