
Microsoft Visual Studio Solution File, Format Version 12.00
# Visual Studio Version 16
VisualStudioVersion = 16.0.29418.71
MinimumVisualStudioVersion = 10.0.40219.1
Project("{FAE04EC0-301F-11D3-BF4B-00C04F79EFBC}") = "3darray_aufgabe_1", "3darray_aufgabe_1\3darray_aufgabe_1.csproj", "{6BC6FB5B-C02C-405C-ADB4-821B232D587A}"
EndProject
Project("{FAE04EC0-301F-11D3-BF4B-00C04F79EFBC}") = "2darr_aufgabe_1", "..\2darr_aufgabe_1\2darr_aufgabe_1\2darr_aufgabe_1.csproj", "{944123B0-E8B0-4740-8180-9F082F7D3111}"
EndProject
Project("{FAE04EC0-301F-11D3-BF4B-00C04F79EFBC}") = "array_aufgabe_2", "..\array_aufgabe_2\array_aufgabe_2.csproj", "{4E4BCD58-8F02-446D-A79F-2F8F4B416ED4}"
EndProject
Global
	GlobalSection(SolutionConfigurationPlatforms) = preSolution
		Debug|Any CPU = Debug|Any CPU
		Release|Any CPU = Release|Any CPU
	EndGlobalSection
	GlobalSection(ProjectConfigurationPlatforms) = postSolution
		{6BC6FB5B-C02C-405C-ADB4-821B232D587A}.Debug|Any CPU.ActiveCfg = Debug|Any CPU
		{6BC6FB5B-C02C-405C-ADB4-821B232D587A}.Debug|Any CPU.Build.0 = Debug|Any CPU
		{6BC6FB5B-C02C-405C-ADB4-821B232D587A}.Release|Any CPU.ActiveCfg = Release|Any CPU
		{6BC6FB5B-C02C-405C-ADB4-821B232D587A}.Release|Any CPU.Build.0 = Release|Any CPU
		{944123B0-E8B0-4740-8180-9F082F7D3111}.Debug|Any CPU.ActiveCfg = Debug|Any CPU
		{944123B0-E8B0-4740-8180-9F082F7D3111}.Debug|Any CPU.Build.0 = Debug|Any CPU
		{944123B0-E8B0-4740-8180-9F082F7D3111}.Release|Any CPU.ActiveCfg = Release|Any CPU
		{944123B0-E8B0-4740-8180-9F082F7D3111}.Release|Any CPU.Build.0 = Release|Any CPU
		{4E4BCD58-8F02-446D-A79F-2F8F4B416ED4}.Debug|Any CPU.ActiveCfg = Debug|Any CPU
		{4E4BCD58-8F02-446D-A79F-2F8F4B416ED4}.Debug|Any CPU.Build.0 = Debug|Any CPU
		{4E4BCD58-8F02-446D-A79F-2F8F4B416ED4}.Release|Any CPU.ActiveCfg = Release|Any CPU
		{4E4BCD58-8F02-446D-A79F-2F8F4B416ED4}.Release|Any CPU.Build.0 = Release|Any CPU
	EndGlobalSection
	GlobalSection(SolutionProperties) = preSolution
		HideSolutionNode = FALSE
	EndGlobalSection
	GlobalSection(ExtensibilityGlobals) = postSolution
		SolutionGuid = {67BAB1AD-F87D-4C80-AD2A-F25AFE620BFF}
	EndGlobalSection
EndGlobal
