
Microsoft Visual Studio Solution File, Format Version 12.00
# Visual Studio Version 16
VisualStudioVersion = 16.0.29709.97
MinimumVisualStudioVersion = 10.0.40219.1
Project("{FAE04EC0-301F-11D3-BF4B-00C04F79EFBC}") = "WpfVokabeln", "WpfVokabeln\WpfVokabeln.csproj", "{F6E0BDCE-31A1-412B-9D9B-E129FA1B30B0}"
EndProject
Project("{FAE04EC0-301F-11D3-BF4B-00C04F79EFBC}") = "binaere_serialisierung", "..\..\binaere_serialisierung\binaere_serialisierung\binaere_serialisierung.csproj", "{EDC5A9C0-C0FD-439E-8A31-22A2466727F1}"
EndProject
Project("{FAE04EC0-301F-11D3-BF4B-00C04F79EFBC}") = "WpfXML1", "..\..\WpfXML1\WpfXML1.csproj", "{4020376C-4293-4C46-9052-08E42570E2D6}"
EndProject
Project("{FAE04EC0-301F-11D3-BF4B-00C04F79EFBC}") = "mysql_3", "..\..\mysql_3\mysql_3.csproj", "{B0D51659-6FC8-4D2D-81F5-C94774A9486E}"
EndProject
Global
	GlobalSection(SolutionConfigurationPlatforms) = preSolution
		Debug|Any CPU = Debug|Any CPU
		Release|Any CPU = Release|Any CPU
	EndGlobalSection
	GlobalSection(ProjectConfigurationPlatforms) = postSolution
		{F6E0BDCE-31A1-412B-9D9B-E129FA1B30B0}.Debug|Any CPU.ActiveCfg = Debug|Any CPU
		{F6E0BDCE-31A1-412B-9D9B-E129FA1B30B0}.Debug|Any CPU.Build.0 = Debug|Any CPU
		{F6E0BDCE-31A1-412B-9D9B-E129FA1B30B0}.Release|Any CPU.ActiveCfg = Release|Any CPU
		{F6E0BDCE-31A1-412B-9D9B-E129FA1B30B0}.Release|Any CPU.Build.0 = Release|Any CPU
		{EDC5A9C0-C0FD-439E-8A31-22A2466727F1}.Debug|Any CPU.ActiveCfg = Debug|Any CPU
		{EDC5A9C0-C0FD-439E-8A31-22A2466727F1}.Debug|Any CPU.Build.0 = Debug|Any CPU
		{EDC5A9C0-C0FD-439E-8A31-22A2466727F1}.Release|Any CPU.ActiveCfg = Release|Any CPU
		{EDC5A9C0-C0FD-439E-8A31-22A2466727F1}.Release|Any CPU.Build.0 = Release|Any CPU
		{4020376C-4293-4C46-9052-08E42570E2D6}.Debug|Any CPU.ActiveCfg = Debug|Any CPU
		{4020376C-4293-4C46-9052-08E42570E2D6}.Debug|Any CPU.Build.0 = Debug|Any CPU
		{4020376C-4293-4C46-9052-08E42570E2D6}.Release|Any CPU.ActiveCfg = Release|Any CPU
		{4020376C-4293-4C46-9052-08E42570E2D6}.Release|Any CPU.Build.0 = Release|Any CPU
		{B0D51659-6FC8-4D2D-81F5-C94774A9486E}.Debug|Any CPU.ActiveCfg = Debug|Any CPU
		{B0D51659-6FC8-4D2D-81F5-C94774A9486E}.Debug|Any CPU.Build.0 = Debug|Any CPU
		{B0D51659-6FC8-4D2D-81F5-C94774A9486E}.Release|Any CPU.ActiveCfg = Release|Any CPU
		{B0D51659-6FC8-4D2D-81F5-C94774A9486E}.Release|Any CPU.Build.0 = Release|Any CPU
	EndGlobalSection
	GlobalSection(SolutionProperties) = preSolution
		HideSolutionNode = FALSE
	EndGlobalSection
	GlobalSection(ExtensibilityGlobals) = postSolution
		SolutionGuid = {A2020235-56CD-4D18-9AA1-15D92824E94F}
	EndGlobalSection
EndGlobal
