
Microsoft Visual Studio Solution File, Format Version 12.00
# Visual Studio 15
VisualStudioVersion = 15.0.27130.2026
MinimumVisualStudioVersion = 10.0.40219.1
Project("{FAE04EC0-301F-11D3-BF4B-00C04F79EFBC}") = "flugreservierung", "flugreservierung.csproj", "{AF74D40B-6E54-441E-B932-08F87D89BE32}"
EndProject
Project("{FAE04EC0-301F-11D3-BF4B-00C04F79EFBC}") = "assoziationen_mzun_aufgabe_2", "..\assoziationen_aufgabe_1\assoziationen_mzun_aufgabe_2\assoziationen_mzun_aufgabe_2.csproj", "{EF317BD6-EE8D-4038-AD42-C98D9B8F771B}"
EndProject
Project("{FAE04EC0-301F-11D3-BF4B-00C04F79EFBC}") = "ArraysKopieren", "..\uebungsdateien_c_sharp_grundkurs\02-06-ArraysKopieren\ArraysKopieren\ArraysKopieren.csproj", "{7004D896-AE84-4422-A7CD-E67E86244C17}"
EndProject
Global
	GlobalSection(SolutionConfigurationPlatforms) = preSolution
		Debug|Any CPU = Debug|Any CPU
		Release|Any CPU = Release|Any CPU
	EndGlobalSection
	GlobalSection(ProjectConfigurationPlatforms) = postSolution
		{AF74D40B-6E54-441E-B932-08F87D89BE32}.Debug|Any CPU.ActiveCfg = Debug|Any CPU
		{AF74D40B-6E54-441E-B932-08F87D89BE32}.Debug|Any CPU.Build.0 = Debug|Any CPU
		{AF74D40B-6E54-441E-B932-08F87D89BE32}.Release|Any CPU.ActiveCfg = Release|Any CPU
		{AF74D40B-6E54-441E-B932-08F87D89BE32}.Release|Any CPU.Build.0 = Release|Any CPU
		{EF317BD6-EE8D-4038-AD42-C98D9B8F771B}.Debug|Any CPU.ActiveCfg = Debug|Any CPU
		{EF317BD6-EE8D-4038-AD42-C98D9B8F771B}.Debug|Any CPU.Build.0 = Debug|Any CPU
		{EF317BD6-EE8D-4038-AD42-C98D9B8F771B}.Release|Any CPU.ActiveCfg = Release|Any CPU
		{EF317BD6-EE8D-4038-AD42-C98D9B8F771B}.Release|Any CPU.Build.0 = Release|Any CPU
		{7004D896-AE84-4422-A7CD-E67E86244C17}.Debug|Any CPU.ActiveCfg = Debug|Any CPU
		{7004D896-AE84-4422-A7CD-E67E86244C17}.Debug|Any CPU.Build.0 = Debug|Any CPU
		{7004D896-AE84-4422-A7CD-E67E86244C17}.Release|Any CPU.ActiveCfg = Release|Any CPU
		{7004D896-AE84-4422-A7CD-E67E86244C17}.Release|Any CPU.Build.0 = Release|Any CPU
	EndGlobalSection
	GlobalSection(SolutionProperties) = preSolution
		HideSolutionNode = FALSE
	EndGlobalSection
	GlobalSection(ExtensibilityGlobals) = postSolution
		SolutionGuid = {A4BE763D-EECB-41D1-90FC-1E75F7421425}
	EndGlobalSection
EndGlobal
