
Microsoft Visual Studio Solution File, Format Version 12.00
# Visual Studio 15
VisualStudioVersion = 15.0.27130.2026
MinimumVisualStudioVersion = 10.0.40219.1
Project("{FAE04EC0-301F-11D3-BF4B-00C04F79EFBC}") = "G45_aufgabe_2", "G45_aufgabe_2.csproj", "{6540885A-24D9-4F5C-9489-7AF64E43110D}"
EndProject
Project("{FAE04EC0-301F-11D3-BF4B-00C04F79EFBC}") = "cipher", "..\cipher\cipher.csproj", "{C2CEA30B-3819-4B13-B9F8-7CF4A73A00C6}"
EndProject
Project("{FAE04EC0-301F-11D3-BF4B-00C04F79EFBC}") = "G44_Schach", "..\G44_Schach\G44_Schach.csproj", "{79BF1120-84E2-4E73-93BA-FDF961DB811E}"
EndProject
Project("{FAE04EC0-301F-11D3-BF4B-00C04F79EFBC}") = "G45_aufgabe_1", "..\G45_aufgabe_1\G45_aufgabe_1.csproj", "{5748C568-3E69-4482-93F4-486221BAC4BA}"
EndProject
Global
	GlobalSection(SolutionConfigurationPlatforms) = preSolution
		Debug|Any CPU = Debug|Any CPU
		Release|Any CPU = Release|Any CPU
	EndGlobalSection
	GlobalSection(ProjectConfigurationPlatforms) = postSolution
		{6540885A-24D9-4F5C-9489-7AF64E43110D}.Debug|Any CPU.ActiveCfg = Debug|Any CPU
		{6540885A-24D9-4F5C-9489-7AF64E43110D}.Debug|Any CPU.Build.0 = Debug|Any CPU
		{6540885A-24D9-4F5C-9489-7AF64E43110D}.Release|Any CPU.ActiveCfg = Release|Any CPU
		{6540885A-24D9-4F5C-9489-7AF64E43110D}.Release|Any CPU.Build.0 = Release|Any CPU
		{C2CEA30B-3819-4B13-B9F8-7CF4A73A00C6}.Debug|Any CPU.ActiveCfg = Debug|Any CPU
		{C2CEA30B-3819-4B13-B9F8-7CF4A73A00C6}.Debug|Any CPU.Build.0 = Debug|Any CPU
		{C2CEA30B-3819-4B13-B9F8-7CF4A73A00C6}.Release|Any CPU.ActiveCfg = Release|Any CPU
		{C2CEA30B-3819-4B13-B9F8-7CF4A73A00C6}.Release|Any CPU.Build.0 = Release|Any CPU
		{79BF1120-84E2-4E73-93BA-FDF961DB811E}.Debug|Any CPU.ActiveCfg = Debug|Any CPU
		{79BF1120-84E2-4E73-93BA-FDF961DB811E}.Debug|Any CPU.Build.0 = Debug|Any CPU
		{79BF1120-84E2-4E73-93BA-FDF961DB811E}.Release|Any CPU.ActiveCfg = Release|Any CPU
		{79BF1120-84E2-4E73-93BA-FDF961DB811E}.Release|Any CPU.Build.0 = Release|Any CPU
		{5748C568-3E69-4482-93F4-486221BAC4BA}.Debug|Any CPU.ActiveCfg = Debug|Any CPU
		{5748C568-3E69-4482-93F4-486221BAC4BA}.Debug|Any CPU.Build.0 = Debug|Any CPU
		{5748C568-3E69-4482-93F4-486221BAC4BA}.Release|Any CPU.ActiveCfg = Release|Any CPU
		{5748C568-3E69-4482-93F4-486221BAC4BA}.Release|Any CPU.Build.0 = Release|Any CPU
	EndGlobalSection
	GlobalSection(SolutionProperties) = preSolution
		HideSolutionNode = FALSE
	EndGlobalSection
	GlobalSection(ExtensibilityGlobals) = postSolution
		SolutionGuid = {6DEF303C-2651-4664-852E-84E2B2A9A8E7}
	EndGlobalSection
EndGlobal
