
Microsoft Visual Studio Solution File, Format Version 12.00
# Visual Studio Version 16
VisualStudioVersion = 16.0.29418.71
MinimumVisualStudioVersion = 10.0.40219.1
Project("{FAE04EC0-301F-11D3-BF4B-00C04F79EFBC}") = "textfarbe", "textfarbe.csproj", "{442DC8AE-4CFD-41C7-A9A7-B1AD4A17EE4C}"
EndProject
Project("{FAE04EC0-301F-11D3-BF4B-00C04F79EFBC}") = "textfarbe_mit_method", "..\textfarbe_mit_method\textfarbe_mit_method.csproj", "{FF97DEAC-84DC-43E5-95F8-6286A37C90CE}"
EndProject
Global
	GlobalSection(SolutionConfigurationPlatforms) = preSolution
		Debug|Any CPU = Debug|Any CPU
		Release|Any CPU = Release|Any CPU
	EndGlobalSection
	GlobalSection(ProjectConfigurationPlatforms) = postSolution
		{442DC8AE-4CFD-41C7-A9A7-B1AD4A17EE4C}.Debug|Any CPU.ActiveCfg = Debug|Any CPU
		{442DC8AE-4CFD-41C7-A9A7-B1AD4A17EE4C}.Debug|Any CPU.Build.0 = Debug|Any CPU
		{442DC8AE-4CFD-41C7-A9A7-B1AD4A17EE4C}.Release|Any CPU.ActiveCfg = Release|Any CPU
		{442DC8AE-4CFD-41C7-A9A7-B1AD4A17EE4C}.Release|Any CPU.Build.0 = Release|Any CPU
		{FF97DEAC-84DC-43E5-95F8-6286A37C90CE}.Debug|Any CPU.ActiveCfg = Debug|Any CPU
		{FF97DEAC-84DC-43E5-95F8-6286A37C90CE}.Debug|Any CPU.Build.0 = Debug|Any CPU
		{FF97DEAC-84DC-43E5-95F8-6286A37C90CE}.Release|Any CPU.ActiveCfg = Release|Any CPU
		{FF97DEAC-84DC-43E5-95F8-6286A37C90CE}.Release|Any CPU.Build.0 = Release|Any CPU
	EndGlobalSection
	GlobalSection(SolutionProperties) = preSolution
		HideSolutionNode = FALSE
	EndGlobalSection
	GlobalSection(ExtensibilityGlobals) = postSolution
		SolutionGuid = {897A9B91-9738-4CB2-8DC1-6744EEE7FE9A}
	EndGlobalSection
EndGlobal
