
Microsoft Visual Studio Solution File, Format Version 12.00
# Visual Studio 15
VisualStudioVersion = 15.0.27130.2026
MinimumVisualStudioVersion = 10.0.40219.1
Project("{FAE04EC0-301F-11D3-BF4B-00C04F79EFBC}") = "klassen_aufgabe_01", "klassen_aufgabe_01.csproj", "{90A230E6-F696-4720-B5D5-217A6A350DB4}"
EndProject
Global
	GlobalSection(SolutionConfigurationPlatforms) = preSolution
		Debug|Any CPU = Debug|Any CPU
		Release|Any CPU = Release|Any CPU
	EndGlobalSection
	GlobalSection(ProjectConfigurationPlatforms) = postSolution
		{90A230E6-F696-4720-B5D5-217A6A350DB4}.Debug|Any CPU.ActiveCfg = Debug|Any CPU
		{90A230E6-F696-4720-B5D5-217A6A350DB4}.Debug|Any CPU.Build.0 = Debug|Any CPU
		{90A230E6-F696-4720-B5D5-217A6A350DB4}.Release|Any CPU.ActiveCfg = Release|Any CPU
		{90A230E6-F696-4720-B5D5-217A6A350DB4}.Release|Any CPU.Build.0 = Release|Any CPU
	EndGlobalSection
	GlobalSection(SolutionProperties) = preSolution
		HideSolutionNode = FALSE
	EndGlobalSection
	GlobalSection(ExtensibilityGlobals) = postSolution
		SolutionGuid = {8D956591-94E1-4508-8683-9386634EE2C0}
	EndGlobalSection
EndGlobal
