
Microsoft Visual Studio Solution File, Format Version 12.00
# Visual Studio 15
VisualStudioVersion = 15.0.27130.2026
MinimumVisualStudioVersion = 10.0.40219.1
Project("{FAE04EC0-301F-11D3-BF4B-00C04F79EFBC}") = "G45_aufgabe_1", "G45_aufgabe_1.csproj", "{5748C568-3E69-4482-93F4-486221BAC4BA}"
EndProject
Project("{FAE04EC0-301F-11D3-BF4B-00C04F79EFBC}") = "G45_KonstruktorenUndStaticMember", "..\G45_KonstruktorenUndStaticMember\G45_KonstruktorenUndStaticMember.csproj", "{B35E92DF-93F6-4378-9C3B-7AD05766A0FC}"
EndProject
Project("{FAE04EC0-301F-11D3-BF4B-00C04F79EFBC}") = "klasse_aufgabe_3", "..\klasse_aufgabe_3\klasse_aufgabe_3.csproj", "{DA6863D1-EDA5-4039-B88C-FA2A097EDB58}"
EndProject
Global
	GlobalSection(SolutionConfigurationPlatforms) = preSolution
		Debug|Any CPU = Debug|Any CPU
		Release|Any CPU = Release|Any CPU
	EndGlobalSection
	GlobalSection(ProjectConfigurationPlatforms) = postSolution
		{5748C568-3E69-4482-93F4-486221BAC4BA}.Debug|Any CPU.ActiveCfg = Debug|Any CPU
		{5748C568-3E69-4482-93F4-486221BAC4BA}.Debug|Any CPU.Build.0 = Debug|Any CPU
		{5748C568-3E69-4482-93F4-486221BAC4BA}.Release|Any CPU.ActiveCfg = Release|Any CPU
		{5748C568-3E69-4482-93F4-486221BAC4BA}.Release|Any CPU.Build.0 = Release|Any CPU
		{B35E92DF-93F6-4378-9C3B-7AD05766A0FC}.Debug|Any CPU.ActiveCfg = Debug|Any CPU
		{B35E92DF-93F6-4378-9C3B-7AD05766A0FC}.Debug|Any CPU.Build.0 = Debug|Any CPU
		{B35E92DF-93F6-4378-9C3B-7AD05766A0FC}.Release|Any CPU.ActiveCfg = Release|Any CPU
		{B35E92DF-93F6-4378-9C3B-7AD05766A0FC}.Release|Any CPU.Build.0 = Release|Any CPU
		{DA6863D1-EDA5-4039-B88C-FA2A097EDB58}.Debug|Any CPU.ActiveCfg = Debug|Any CPU
		{DA6863D1-EDA5-4039-B88C-FA2A097EDB58}.Debug|Any CPU.Build.0 = Debug|Any CPU
		{DA6863D1-EDA5-4039-B88C-FA2A097EDB58}.Release|Any CPU.ActiveCfg = Release|Any CPU
		{DA6863D1-EDA5-4039-B88C-FA2A097EDB58}.Release|Any CPU.Build.0 = Release|Any CPU
	EndGlobalSection
	GlobalSection(SolutionProperties) = preSolution
		HideSolutionNode = FALSE
	EndGlobalSection
	GlobalSection(ExtensibilityGlobals) = postSolution
		SolutionGuid = {9C40FE57-3473-477A-BCDF-9EC623CB40B3}
	EndGlobalSection
EndGlobal
