
Microsoft Visual Studio Solution File, Format Version 12.00
# Visual Studio 15
VisualStudioVersion = 15.0.28307.757
MinimumVisualStudioVersion = 10.0.40219.1
Project("{FAE04EC0-301F-11D3-BF4B-00C04F79EFBC}") = "AsyncAwait", "AsyncAwait\AsyncAwait.csproj", "{A8D92CC2-9FF0-4D02-B028-2941556EBBBE}"
EndProject
Global
	GlobalSection(SolutionConfigurationPlatforms) = preSolution
		Debug|Any CPU = Debug|Any CPU
		Release|Any CPU = Release|Any CPU
	EndGlobalSection
	GlobalSection(ProjectConfigurationPlatforms) = postSolution
		{A8D92CC2-9FF0-4D02-B028-2941556EBBBE}.Debug|Any CPU.ActiveCfg = Debug|Any CPU
		{A8D92CC2-9FF0-4D02-B028-2941556EBBBE}.Debug|Any CPU.Build.0 = Debug|Any CPU
		{A8D92CC2-9FF0-4D02-B028-2941556EBBBE}.Release|Any CPU.ActiveCfg = Release|Any CPU
		{A8D92CC2-9FF0-4D02-B028-2941556EBBBE}.Release|Any CPU.Build.0 = Release|Any CPU
	EndGlobalSection
	GlobalSection(SolutionProperties) = preSolution
		HideSolutionNode = FALSE
	EndGlobalSection
	GlobalSection(ExtensibilityGlobals) = postSolution
		SolutionGuid = {2F668DC6-9E7F-45CB-A4D3-1C30676A1579}
	EndGlobalSection
EndGlobal
