
Microsoft Visual Studio Solution File, Format Version 12.00
# Visual Studio 15
VisualStudioVersion = 15.0.27130.2026
MinimumVisualStudioVersion = 10.0.40219.1
Project("{FAE04EC0-301F-11D3-BF4B-00C04F79EFBC}") = "G_09_TernaryOperator", "G_09_TernaryOperator.csproj", "{CE876ACA-8412-4C97-9138-4B6E9BDD5A62}"
EndProject
Global
	GlobalSection(SolutionConfigurationPlatforms) = preSolution
		Debug|Any CPU = Debug|Any CPU
		Release|Any CPU = Release|Any CPU
	EndGlobalSection
	GlobalSection(ProjectConfigurationPlatforms) = postSolution
		{CE876ACA-8412-4C97-9138-4B6E9BDD5A62}.Debug|Any CPU.ActiveCfg = Debug|Any CPU
		{CE876ACA-8412-4C97-9138-4B6E9BDD5A62}.Debug|Any CPU.Build.0 = Debug|Any CPU
		{CE876ACA-8412-4C97-9138-4B6E9BDD5A62}.Release|Any CPU.ActiveCfg = Release|Any CPU
		{CE876ACA-8412-4C97-9138-4B6E9BDD5A62}.Release|Any CPU.Build.0 = Release|Any CPU
	EndGlobalSection
	GlobalSection(SolutionProperties) = preSolution
		HideSolutionNode = FALSE
	EndGlobalSection
	GlobalSection(ExtensibilityGlobals) = postSolution
		SolutionGuid = {8DE1ABED-8BEB-42E8-8E41-506CDE347495}
	EndGlobalSection
EndGlobal
