
Microsoft Visual Studio Solution File, Format Version 12.00
# Visual Studio 15
VisualStudioVersion = 15.0.27130.2026
MinimumVisualStudioVersion = 10.0.40219.1
Project("{FAE04EC0-301F-11D3-BF4B-00C04F79EFBC}") = "G43_aufgabe_01", "G43_aufgabe_01.csproj", "{08A4DB65-E5A3-40FA-A64E-62DE0DDAF8A5}"
EndProject
Project("{FAE04EC0-301F-11D3-BF4B-00C04F79EFBC}") = "G43_Klassen_privateFelder", "..\G43_Klassen_privateFelder\G43_Klassen_privateFelder.csproj", "{D4AEE425-226A-4FEB-B60B-4D52BFDE6FEE}"
EndProject
Project("{FAE04EC0-301F-11D3-BF4B-00C04F79EFBC}") = "klassen_aufgabe_2", "..\klassen_aufgabe_2\klassen_aufgabe_2.csproj", "{D6CEA649-F3BB-4885-9579-34D25F20D821}"
EndProject
Project("{FAE04EC0-301F-11D3-BF4B-00C04F79EFBC}") = "klasse_aufgabe_3", "..\klasse_aufgabe_3\klasse_aufgabe_3.csproj", "{DA6863D1-EDA5-4039-B88C-FA2A097EDB58}"
EndProject
Project("{FAE04EC0-301F-11D3-BF4B-00C04F79EFBC}") = "G43_aufgabe_02", "..\G43_aufgabe_02\G43_aufgabe_02.csproj", "{EC567DEF-C08C-4781-A30A-FBCB4C89281F}"
EndProject
Project("{FAE04EC0-301F-11D3-BF4B-00C04F79EFBC}") = "G_03_Zufall", "..\G_03_Zufall\G_03_Zufall.csproj", "{3C9E6E83-CC3F-4BEA-AB25-BD6C8E4990F2}"
EndProject
Global
	GlobalSection(SolutionConfigurationPlatforms) = preSolution
		Debug|Any CPU = Debug|Any CPU
		Release|Any CPU = Release|Any CPU
	EndGlobalSection
	GlobalSection(ProjectConfigurationPlatforms) = postSolution
		{08A4DB65-E5A3-40FA-A64E-62DE0DDAF8A5}.Debug|Any CPU.ActiveCfg = Debug|Any CPU
		{08A4DB65-E5A3-40FA-A64E-62DE0DDAF8A5}.Debug|Any CPU.Build.0 = Debug|Any CPU
		{08A4DB65-E5A3-40FA-A64E-62DE0DDAF8A5}.Release|Any CPU.ActiveCfg = Release|Any CPU
		{08A4DB65-E5A3-40FA-A64E-62DE0DDAF8A5}.Release|Any CPU.Build.0 = Release|Any CPU
		{D4AEE425-226A-4FEB-B60B-4D52BFDE6FEE}.Debug|Any CPU.ActiveCfg = Debug|Any CPU
		{D4AEE425-226A-4FEB-B60B-4D52BFDE6FEE}.Debug|Any CPU.Build.0 = Debug|Any CPU
		{D4AEE425-226A-4FEB-B60B-4D52BFDE6FEE}.Release|Any CPU.ActiveCfg = Release|Any CPU
		{D4AEE425-226A-4FEB-B60B-4D52BFDE6FEE}.Release|Any CPU.Build.0 = Release|Any CPU
		{D6CEA649-F3BB-4885-9579-34D25F20D821}.Debug|Any CPU.ActiveCfg = Debug|Any CPU
		{D6CEA649-F3BB-4885-9579-34D25F20D821}.Debug|Any CPU.Build.0 = Debug|Any CPU
		{D6CEA649-F3BB-4885-9579-34D25F20D821}.Release|Any CPU.ActiveCfg = Release|Any CPU
		{D6CEA649-F3BB-4885-9579-34D25F20D821}.Release|Any CPU.Build.0 = Release|Any CPU
		{DA6863D1-EDA5-4039-B88C-FA2A097EDB58}.Debug|Any CPU.ActiveCfg = Debug|Any CPU
		{DA6863D1-EDA5-4039-B88C-FA2A097EDB58}.Debug|Any CPU.Build.0 = Debug|Any CPU
		{DA6863D1-EDA5-4039-B88C-FA2A097EDB58}.Release|Any CPU.ActiveCfg = Release|Any CPU
		{DA6863D1-EDA5-4039-B88C-FA2A097EDB58}.Release|Any CPU.Build.0 = Release|Any CPU
		{EC567DEF-C08C-4781-A30A-FBCB4C89281F}.Debug|Any CPU.ActiveCfg = Debug|Any CPU
		{EC567DEF-C08C-4781-A30A-FBCB4C89281F}.Debug|Any CPU.Build.0 = Debug|Any CPU
		{EC567DEF-C08C-4781-A30A-FBCB4C89281F}.Release|Any CPU.ActiveCfg = Release|Any CPU
		{EC567DEF-C08C-4781-A30A-FBCB4C89281F}.Release|Any CPU.Build.0 = Release|Any CPU
		{3C9E6E83-CC3F-4BEA-AB25-BD6C8E4990F2}.Debug|Any CPU.ActiveCfg = Debug|Any CPU
		{3C9E6E83-CC3F-4BEA-AB25-BD6C8E4990F2}.Debug|Any CPU.Build.0 = Debug|Any CPU
		{3C9E6E83-CC3F-4BEA-AB25-BD6C8E4990F2}.Release|Any CPU.ActiveCfg = Release|Any CPU
		{3C9E6E83-CC3F-4BEA-AB25-BD6C8E4990F2}.Release|Any CPU.Build.0 = Release|Any CPU
	EndGlobalSection
	GlobalSection(SolutionProperties) = preSolution
		HideSolutionNode = FALSE
	EndGlobalSection
	GlobalSection(ExtensibilityGlobals) = postSolution
		SolutionGuid = {AB433C03-023B-4883-BB8A-A4FBA3C6B52C}
	EndGlobalSection
EndGlobal
