
Microsoft Visual Studio Solution File, Format Version 12.00
# Visual Studio 2012
Project("{FAE04EC0-301F-11D3-BF4B-00C04F79EFBC}") = "KonversionZahlen", "KonversionZahlen\KonversionZahlen.csproj", "{2387B9BF-17A3-4AD2-B96F-6986A4DEC62A}"
EndProject
Global
	GlobalSection(SolutionConfigurationPlatforms) = preSolution
		Debug|Any CPU = Debug|Any CPU
		Release|Any CPU = Release|Any CPU
	EndGlobalSection
	GlobalSection(ProjectConfigurationPlatforms) = postSolution
		{2387B9BF-17A3-4AD2-B96F-6986A4DEC62A}.Debug|Any CPU.ActiveCfg = Debug|Any CPU
		{2387B9BF-17A3-4AD2-B96F-6986A4DEC62A}.Debug|Any CPU.Build.0 = Debug|Any CPU
		{2387B9BF-17A3-4AD2-B96F-6986A4DEC62A}.Release|Any CPU.ActiveCfg = Release|Any CPU
		{2387B9BF-17A3-4AD2-B96F-6986A4DEC62A}.Release|Any CPU.Build.0 = Release|Any CPU
	EndGlobalSection
	GlobalSection(SolutionProperties) = preSolution
		HideSolutionNode = FALSE
	EndGlobalSection
EndGlobal
