
Microsoft Visual Studio Solution File, Format Version 12.00
# Visual Studio 15
VisualStudioVersion = 15.0.27130.2026
MinimumVisualStudioVersion = 10.0.40219.1
Project("{FAE04EC0-301F-11D3-BF4B-00C04F79EFBC}") = "conversion", "conversion.csproj", "{D65E5C60-5BD5-4609-9EB8-1FCE5DA82FCC}"
EndProject
Global
	GlobalSection(SolutionConfigurationPlatforms) = preSolution
		Debug|Any CPU = Debug|Any CPU
		Release|Any CPU = Release|Any CPU
	EndGlobalSection
	GlobalSection(ProjectConfigurationPlatforms) = postSolution
		{D65E5C60-5BD5-4609-9EB8-1FCE5DA82FCC}.Debug|Any CPU.ActiveCfg = Debug|Any CPU
		{D65E5C60-5BD5-4609-9EB8-1FCE5DA82FCC}.Debug|Any CPU.Build.0 = Debug|Any CPU
		{D65E5C60-5BD5-4609-9EB8-1FCE5DA82FCC}.Release|Any CPU.ActiveCfg = Release|Any CPU
		{D65E5C60-5BD5-4609-9EB8-1FCE5DA82FCC}.Release|Any CPU.Build.0 = Release|Any CPU
	EndGlobalSection
	GlobalSection(SolutionProperties) = preSolution
		HideSolutionNode = FALSE
	EndGlobalSection
	GlobalSection(ExtensibilityGlobals) = postSolution
		SolutionGuid = {093C9BCD-3E30-4971-A0F3-DAC42C4B1F9E}
	EndGlobalSection
EndGlobal
