
Microsoft Visual Studio Solution File, Format Version 12.00
# Visual Studio 15
VisualStudioVersion = 15.0.27130.2026
MinimumVisualStudioVersion = 10.0.40219.1
Project("{FAE04EC0-301F-11D3-BF4B-00C04F79EFBC}") = "Uebung_G03_Zufall", "Uebung_G03_Zufall.csproj", "{24FE5CD1-32D4-4AE1-B29D-35DCFDEEDBF0}"
EndProject
Project("{FAE04EC0-301F-11D3-BF4B-00C04F79EFBC}") = "G_03_Zufall", "..\G_03_Zufall\G_03_Zufall.csproj", "{3C9E6E83-CC3F-4BEA-AB25-BD6C8E4990F2}"
EndProject
Global
	GlobalSection(SolutionConfigurationPlatforms) = preSolution
		Debug|Any CPU = Debug|Any CPU
		Release|Any CPU = Release|Any CPU
	EndGlobalSection
	GlobalSection(ProjectConfigurationPlatforms) = postSolution
		{24FE5CD1-32D4-4AE1-B29D-35DCFDEEDBF0}.Debug|Any CPU.ActiveCfg = Debug|Any CPU
		{24FE5CD1-32D4-4AE1-B29D-35DCFDEEDBF0}.Debug|Any CPU.Build.0 = Debug|Any CPU
		{24FE5CD1-32D4-4AE1-B29D-35DCFDEEDBF0}.Release|Any CPU.ActiveCfg = Release|Any CPU
		{24FE5CD1-32D4-4AE1-B29D-35DCFDEEDBF0}.Release|Any CPU.Build.0 = Release|Any CPU
		{3C9E6E83-CC3F-4BEA-AB25-BD6C8E4990F2}.Debug|Any CPU.ActiveCfg = Debug|Any CPU
		{3C9E6E83-CC3F-4BEA-AB25-BD6C8E4990F2}.Debug|Any CPU.Build.0 = Debug|Any CPU
		{3C9E6E83-CC3F-4BEA-AB25-BD6C8E4990F2}.Release|Any CPU.ActiveCfg = Release|Any CPU
		{3C9E6E83-CC3F-4BEA-AB25-BD6C8E4990F2}.Release|Any CPU.Build.0 = Release|Any CPU
	EndGlobalSection
	GlobalSection(SolutionProperties) = preSolution
		HideSolutionNode = FALSE
	EndGlobalSection
	GlobalSection(ExtensibilityGlobals) = postSolution
		SolutionGuid = {91EF8110-9F38-4664-9B26-A3AAE368FAFF}
	EndGlobalSection
EndGlobal
