
Microsoft Visual Studio Solution File, Format Version 12.00
# Visual Studio 15
VisualStudioVersion = 15.0.27130.2026
MinimumVisualStudioVersion = 10.0.40219.1
Project("{FAE04EC0-301F-11D3-BF4B-00C04F79EFBC}") = "G_04_GarbageCollector", "G_04_GarbageCollector.csproj", "{9C411A01-ED89-4FE5-AA89-6191ABC8FB59}"
EndProject
Global
	GlobalSection(SolutionConfigurationPlatforms) = preSolution
		Debug|Any CPU = Debug|Any CPU
		Release|Any CPU = Release|Any CPU
	EndGlobalSection
	GlobalSection(ProjectConfigurationPlatforms) = postSolution
		{9C411A01-ED89-4FE5-AA89-6191ABC8FB59}.Debug|Any CPU.ActiveCfg = Debug|Any CPU
		{9C411A01-ED89-4FE5-AA89-6191ABC8FB59}.Debug|Any CPU.Build.0 = Debug|Any CPU
		{9C411A01-ED89-4FE5-AA89-6191ABC8FB59}.Release|Any CPU.ActiveCfg = Release|Any CPU
		{9C411A01-ED89-4FE5-AA89-6191ABC8FB59}.Release|Any CPU.Build.0 = Release|Any CPU
	EndGlobalSection
	GlobalSection(SolutionProperties) = preSolution
		HideSolutionNode = FALSE
	EndGlobalSection
	GlobalSection(ExtensibilityGlobals) = postSolution
		SolutionGuid = {A6D60E43-F380-4E5F-ADFC-CB653055C7D2}
	EndGlobalSection
EndGlobal
