
Microsoft Visual Studio Solution File, Format Version 12.00
# Visual Studio 2012
Project("{FAE04EC0-301F-11D3-BF4B-00C04F79EFBC}") = "TextdateiMitFileStream", "TextdateiMitFileStream\TextdateiMitFileStream.csproj", "{C7BE11A2-8921-40D9-8511-633818BD2356}"
EndProject
Global
	GlobalSection(SolutionConfigurationPlatforms) = preSolution
		Debug|Any CPU = Debug|Any CPU
		Release|Any CPU = Release|Any CPU
	EndGlobalSection
	GlobalSection(ProjectConfigurationPlatforms) = postSolution
		{C7BE11A2-8921-40D9-8511-633818BD2356}.Debug|Any CPU.ActiveCfg = Debug|Any CPU
		{C7BE11A2-8921-40D9-8511-633818BD2356}.Debug|Any CPU.Build.0 = Debug|Any CPU
		{C7BE11A2-8921-40D9-8511-633818BD2356}.Release|Any CPU.ActiveCfg = Release|Any CPU
		{C7BE11A2-8921-40D9-8511-633818BD2356}.Release|Any CPU.Build.0 = Release|Any CPU
	EndGlobalSection
	GlobalSection(SolutionProperties) = preSolution
		HideSolutionNode = FALSE
	EndGlobalSection
EndGlobal
