
Microsoft Visual Studio Solution File, Format Version 12.00
# Visual Studio 2012
Project("{FAE04EC0-301F-11D3-BF4B-00C04F79EFBC}") = "Modifiers", "Modirfiers\Modifiers.csproj", "{1E9596EB-C3A0-4B15-8DCD-ED4BB1457235}"
EndProject
Project("{FAE04EC0-301F-11D3-BF4B-00C04F79EFBC}") = "MyLib", "MyLib\MyLib.csproj", "{9FF0DF26-2A97-4337-B655-7C1938CC8DE8}"
EndProject
Global
	GlobalSection(SolutionConfigurationPlatforms) = preSolution
		Debug|Any CPU = Debug|Any CPU
		Release|Any CPU = Release|Any CPU
	EndGlobalSection
	GlobalSection(ProjectConfigurationPlatforms) = postSolution
		{1E9596EB-C3A0-4B15-8DCD-ED4BB1457235}.Debug|Any CPU.ActiveCfg = Debug|Any CPU
		{1E9596EB-C3A0-4B15-8DCD-ED4BB1457235}.Debug|Any CPU.Build.0 = Debug|Any CPU
		{1E9596EB-C3A0-4B15-8DCD-ED4BB1457235}.Release|Any CPU.ActiveCfg = Release|Any CPU
		{1E9596EB-C3A0-4B15-8DCD-ED4BB1457235}.Release|Any CPU.Build.0 = Release|Any CPU
		{9FF0DF26-2A97-4337-B655-7C1938CC8DE8}.Debug|Any CPU.ActiveCfg = Debug|Any CPU
		{9FF0DF26-2A97-4337-B655-7C1938CC8DE8}.Debug|Any CPU.Build.0 = Debug|Any CPU
		{9FF0DF26-2A97-4337-B655-7C1938CC8DE8}.Release|Any CPU.ActiveCfg = Release|Any CPU
		{9FF0DF26-2A97-4337-B655-7C1938CC8DE8}.Release|Any CPU.Build.0 = Release|Any CPU
	EndGlobalSection
	GlobalSection(SolutionProperties) = preSolution
		HideSolutionNode = FALSE
	EndGlobalSection
EndGlobal
