
Microsoft Visual Studio Solution File, Format Version 12.00
# Visual Studio Version 16
VisualStudioVersion = 16.0.29613.14
MinimumVisualStudioVersion = 10.0.40219.1
Project("{FAE04EC0-301F-11D3-BF4B-00C04F79EFBC}") = "dining_philosophers", "dining_philosophers\dining_philosophers.csproj", "{73D34A88-0544-4680-A511-78F0784D9DD5}"
EndProject
Project("{9A19103F-16F7-4668-BE54-9A1E7A4F7556}") = "DiningPhilosophers", "..\..\DiningPhilosophers\DiningPhilosophers\DiningPhilosophers.csproj", "{DDF8C5F9-D018-49CD-A7ED-A865749BEE7A}"
EndProject
Global
	GlobalSection(SolutionConfigurationPlatforms) = preSolution
		Debug|Any CPU = Debug|Any CPU
		Release|Any CPU = Release|Any CPU
	EndGlobalSection
	GlobalSection(ProjectConfigurationPlatforms) = postSolution
		{73D34A88-0544-4680-A511-78F0784D9DD5}.Debug|Any CPU.ActiveCfg = Debug|Any CPU
		{73D34A88-0544-4680-A511-78F0784D9DD5}.Debug|Any CPU.Build.0 = Debug|Any CPU
		{73D34A88-0544-4680-A511-78F0784D9DD5}.Release|Any CPU.ActiveCfg = Release|Any CPU
		{73D34A88-0544-4680-A511-78F0784D9DD5}.Release|Any CPU.Build.0 = Release|Any CPU
		{DDF8C5F9-D018-49CD-A7ED-A865749BEE7A}.Debug|Any CPU.ActiveCfg = Debug|Any CPU
		{DDF8C5F9-D018-49CD-A7ED-A865749BEE7A}.Debug|Any CPU.Build.0 = Debug|Any CPU
		{DDF8C5F9-D018-49CD-A7ED-A865749BEE7A}.Release|Any CPU.ActiveCfg = Release|Any CPU
		{DDF8C5F9-D018-49CD-A7ED-A865749BEE7A}.Release|Any CPU.Build.0 = Release|Any CPU
	EndGlobalSection
	GlobalSection(SolutionProperties) = preSolution
		HideSolutionNode = FALSE
	EndGlobalSection
	GlobalSection(ExtensibilityGlobals) = postSolution
		SolutionGuid = {68B4DBD2-1F8E-4944-B385-DB6F455FD9CC}
	EndGlobalSection
EndGlobal
