
Microsoft Visual Studio Solution File, Format Version 12.00
# Visual Studio 15
VisualStudioVersion = 15.0.27130.2026
MinimumVisualStudioVersion = 10.0.40219.1
Project("{FAE04EC0-301F-11D3-BF4B-00C04F79EFBC}") = "array_aufgabe_2", "array_aufgabe_2.csproj", "{4E4BCD58-8F02-446D-A79F-2F8F4B416ED4}"
EndProject
Project("{FAE04EC0-301F-11D3-BF4B-00C04F79EFBC}") = "array_aufgabe_1", "..\array_aufgabe_1\array_aufgabe_1.csproj", "{F13BEE64-C901-4BBA-ADDB-AAB9A740B2D7}"
EndProject
Project("{FAE04EC0-301F-11D3-BF4B-00C04F79EFBC}") = "array_1", "..\array_1\array_1.csproj", "{F72CAE17-4728-4EF2-AE23-12E0CBFD6DF9}"
EndProject
Project("{FAE04EC0-301F-11D3-BF4B-00C04F79EFBC}") = "arrays_2", "..\arrays_2\arrays_2.csproj", "{A2B00EC1-1BD2-442E-87C1-2722C4BC97AB}"
EndProject
Project("{FAE04EC0-301F-11D3-BF4B-00C04F79EFBC}") = "array_3", "..\array_3\array_3.csproj", "{2F923018-FD70-43BF-B9A0-566249FC94D4}"
EndProject
Global
	GlobalSection(SolutionConfigurationPlatforms) = preSolution
		Debug|Any CPU = Debug|Any CPU
		Release|Any CPU = Release|Any CPU
	EndGlobalSection
	GlobalSection(ProjectConfigurationPlatforms) = postSolution
		{4E4BCD58-8F02-446D-A79F-2F8F4B416ED4}.Debug|Any CPU.ActiveCfg = Debug|Any CPU
		{4E4BCD58-8F02-446D-A79F-2F8F4B416ED4}.Debug|Any CPU.Build.0 = Debug|Any CPU
		{4E4BCD58-8F02-446D-A79F-2F8F4B416ED4}.Release|Any CPU.ActiveCfg = Release|Any CPU
		{4E4BCD58-8F02-446D-A79F-2F8F4B416ED4}.Release|Any CPU.Build.0 = Release|Any CPU
		{F13BEE64-C901-4BBA-ADDB-AAB9A740B2D7}.Debug|Any CPU.ActiveCfg = Debug|Any CPU
		{F13BEE64-C901-4BBA-ADDB-AAB9A740B2D7}.Debug|Any CPU.Build.0 = Debug|Any CPU
		{F13BEE64-C901-4BBA-ADDB-AAB9A740B2D7}.Release|Any CPU.ActiveCfg = Release|Any CPU
		{F13BEE64-C901-4BBA-ADDB-AAB9A740B2D7}.Release|Any CPU.Build.0 = Release|Any CPU
		{F72CAE17-4728-4EF2-AE23-12E0CBFD6DF9}.Debug|Any CPU.ActiveCfg = Debug|Any CPU
		{F72CAE17-4728-4EF2-AE23-12E0CBFD6DF9}.Debug|Any CPU.Build.0 = Debug|Any CPU
		{F72CAE17-4728-4EF2-AE23-12E0CBFD6DF9}.Release|Any CPU.ActiveCfg = Release|Any CPU
		{F72CAE17-4728-4EF2-AE23-12E0CBFD6DF9}.Release|Any CPU.Build.0 = Release|Any CPU
		{A2B00EC1-1BD2-442E-87C1-2722C4BC97AB}.Debug|Any CPU.ActiveCfg = Debug|Any CPU
		{A2B00EC1-1BD2-442E-87C1-2722C4BC97AB}.Debug|Any CPU.Build.0 = Debug|Any CPU
		{A2B00EC1-1BD2-442E-87C1-2722C4BC97AB}.Release|Any CPU.ActiveCfg = Release|Any CPU
		{A2B00EC1-1BD2-442E-87C1-2722C4BC97AB}.Release|Any CPU.Build.0 = Release|Any CPU
		{2F923018-FD70-43BF-B9A0-566249FC94D4}.Debug|Any CPU.ActiveCfg = Debug|Any CPU
		{2F923018-FD70-43BF-B9A0-566249FC94D4}.Debug|Any CPU.Build.0 = Debug|Any CPU
		{2F923018-FD70-43BF-B9A0-566249FC94D4}.Release|Any CPU.ActiveCfg = Release|Any CPU
		{2F923018-FD70-43BF-B9A0-566249FC94D4}.Release|Any CPU.Build.0 = Release|Any CPU
	EndGlobalSection
	GlobalSection(SolutionProperties) = preSolution
		HideSolutionNode = FALSE
	EndGlobalSection
	GlobalSection(ExtensibilityGlobals) = postSolution
		SolutionGuid = {A60BAC35-0A83-48D9-B2FD-6523DF9504A7}
	EndGlobalSection
EndGlobal
