
Microsoft Visual Studio Solution File, Format Version 12.00
# Visual Studio Version 16
VisualStudioVersion = 16.0.29613.14
MinimumVisualStudioVersion = 10.0.40219.1
Project("{FAE04EC0-301F-11D3-BF4B-00C04F79EFBC}") = "streamschreiber_4", "streamschreiber_4.csproj", "{2C5687F1-C907-4C29-B065-F355EF021F9A}"
EndProject
Project("{FAE04EC0-301F-11D3-BF4B-00C04F79EFBC}") = "streamschreiber_5", "..\streamschreiber_5\streamschreiber_5.csproj", "{419CD0DA-06BE-47A7-9B61-2D2D99430CBF}"
EndProject
Project("{FAE04EC0-301F-11D3-BF4B-00C04F79EFBC}") = "ClassLibrary1", "..\ClassLibrary1\ClassLibrary1.csproj", "{4DB2EC8F-BDE2-471B-98A0-D10261518641}"
EndProject
Project("{FAE04EC0-301F-11D3-BF4B-00C04F79EFBC}") = "Libtest", "..\Libtest\Libtest.csproj", "{C3EF22CC-94E8-46DE-96A3-591510750CBF}"
EndProject
Project("{FAE04EC0-301F-11D3-BF4B-00C04F79EFBC}") = "ClassLibrary2", "..\ClassLibrary2\ClassLibrary2.csproj", "{176C2F12-C562-4D61-B9BB-1147EB99896D}"
EndProject
Global
	GlobalSection(SolutionConfigurationPlatforms) = preSolution
		Debug|Any CPU = Debug|Any CPU
		Release|Any CPU = Release|Any CPU
	EndGlobalSection
	GlobalSection(ProjectConfigurationPlatforms) = postSolution
		{2C5687F1-C907-4C29-B065-F355EF021F9A}.Debug|Any CPU.ActiveCfg = Debug|Any CPU
		{2C5687F1-C907-4C29-B065-F355EF021F9A}.Debug|Any CPU.Build.0 = Debug|Any CPU
		{2C5687F1-C907-4C29-B065-F355EF021F9A}.Release|Any CPU.ActiveCfg = Release|Any CPU
		{2C5687F1-C907-4C29-B065-F355EF021F9A}.Release|Any CPU.Build.0 = Release|Any CPU
		{419CD0DA-06BE-47A7-9B61-2D2D99430CBF}.Debug|Any CPU.ActiveCfg = Debug|Any CPU
		{419CD0DA-06BE-47A7-9B61-2D2D99430CBF}.Debug|Any CPU.Build.0 = Debug|Any CPU
		{419CD0DA-06BE-47A7-9B61-2D2D99430CBF}.Release|Any CPU.ActiveCfg = Release|Any CPU
		{419CD0DA-06BE-47A7-9B61-2D2D99430CBF}.Release|Any CPU.Build.0 = Release|Any CPU
		{4DB2EC8F-BDE2-471B-98A0-D10261518641}.Debug|Any CPU.ActiveCfg = Debug|Any CPU
		{4DB2EC8F-BDE2-471B-98A0-D10261518641}.Debug|Any CPU.Build.0 = Debug|Any CPU
		{4DB2EC8F-BDE2-471B-98A0-D10261518641}.Release|Any CPU.ActiveCfg = Release|Any CPU
		{4DB2EC8F-BDE2-471B-98A0-D10261518641}.Release|Any CPU.Build.0 = Release|Any CPU
		{C3EF22CC-94E8-46DE-96A3-591510750CBF}.Debug|Any CPU.ActiveCfg = Debug|Any CPU
		{C3EF22CC-94E8-46DE-96A3-591510750CBF}.Debug|Any CPU.Build.0 = Debug|Any CPU
		{C3EF22CC-94E8-46DE-96A3-591510750CBF}.Release|Any CPU.ActiveCfg = Release|Any CPU
		{C3EF22CC-94E8-46DE-96A3-591510750CBF}.Release|Any CPU.Build.0 = Release|Any CPU
		{176C2F12-C562-4D61-B9BB-1147EB99896D}.Debug|Any CPU.ActiveCfg = Debug|Any CPU
		{176C2F12-C562-4D61-B9BB-1147EB99896D}.Debug|Any CPU.Build.0 = Debug|Any CPU
		{176C2F12-C562-4D61-B9BB-1147EB99896D}.Release|Any CPU.ActiveCfg = Release|Any CPU
		{176C2F12-C562-4D61-B9BB-1147EB99896D}.Release|Any CPU.Build.0 = Release|Any CPU
	EndGlobalSection
	GlobalSection(SolutionProperties) = preSolution
		HideSolutionNode = FALSE
	EndGlobalSection
	GlobalSection(ExtensibilityGlobals) = postSolution
		SolutionGuid = {B15FA4A7-D220-4BD8-8074-295E48740FC2}
	EndGlobalSection
EndGlobal
